// !$*UTF8*$!
{
	archiveVersion = 1;
	classes = {
	};
	objectVersion = 48;
	objects = {

/* Begin PBXBuildFile section */
		00521A16C7DDDFAA3517D65D /* Pods_CouchbaseProject.framework in Frameworks */ = {isa = PBXBuildFile; fileRef = F845A5EB87476EA6A1399E6D /* Pods_CouchbaseProject.framework */; };
		8D5398E727A660825E9DB767 /* Pods_CouchbaseProjectTests.framework in Frameworks */ = {isa = PBXBuildFile; fileRef = 89CB3F78D728A24778D54F93 /* Pods_CouchbaseProjectTests.framework */; };
		BA5B3883200EDF470088543B /* CBLFetchResultController.swift in Sources */ = {isa = PBXBuildFile; fileRef = BA5B3882200EDF470088543B /* CBLFetchResultController.swift */; };
		BA5B3885200EE9910088543B /* CoreDataProvider.swift in Sources */ = {isa = PBXBuildFile; fileRef = BA5B3884200EE9910088543B /* CoreDataProvider.swift */; };
		BA5B3889200F08150088543B /* Constants.swift in Sources */ = {isa = PBXBuildFile; fileRef = BA5B3888200F08150088543B /* Constants.swift */; };
		BA5B388B200F6A660088543B /* UIView+Shadow.swift in Sources */ = {isa = PBXBuildFile; fileRef = BA5B388A200F6A660088543B /* UIView+Shadow.swift */; };
		BA840039200C87A800986FF6 /* QIResponse.swift in Sources */ = {isa = PBXBuildFile; fileRef = BA840038200C87A800986FF6 /* QIResponse.swift */; };
		BA84003C200C8BAB00986FF6 /* MillisecondsToDateTransform.swift in Sources */ = {isa = PBXBuildFile; fileRef = BA84003B200C8BAB00986FF6 /* MillisecondsToDateTransform.swift */; };
		BA84003E200C8BDF00986FF6 /* Utility.swift in Sources */ = {isa = PBXBuildFile; fileRef = BA84003D200C8BDF00986FF6 /* Utility.swift */; };
		BA840041200C9F9700986FF6 /* AskView.swift in Sources */ = {isa = PBXBuildFile; fileRef = BA840040200C9F9700986FF6 /* AskView.swift */; };
		BA840043200C9FA700986FF6 /* AskView.xib in Resources */ = {isa = PBXBuildFile; fileRef = BA840042200C9FA700986FF6 /* AskView.xib */; };
		BA840046200CA04C00986FF6 /* AskDataSource.swift in Sources */ = {isa = PBXBuildFile; fileRef = BA840045200CA04C00986FF6 /* AskDataSource.swift */; };
		BA840049200CA0B100986FF6 /* AskTableViewCell.swift in Sources */ = {isa = PBXBuildFile; fileRef = BA840047200CA0B100986FF6 /* AskTableViewCell.swift */; };
		BA84004A200CA0B100986FF6 /* AskTableViewCell.xib in Resources */ = {isa = PBXBuildFile; fileRef = BA840048200CA0B100986FF6 /* AskTableViewCell.xib */; };
		BA84004D200CA61300986FF6 /* BaseAskViewController.swift in Sources */ = {isa = PBXBuildFile; fileRef = BA84004C200CA61300986FF6 /* BaseAskViewController.swift */; };
		BA84004F200CC06200986FF6 /* TrackAskViewController.swift in Sources */ = {isa = PBXBuildFile; fileRef = BA84004E200CC06200986FF6 /* TrackAskViewController.swift */; };
		BA840052200CF32200986FF6 /* AskSearchView.swift in Sources */ = {isa = PBXBuildFile; fileRef = BA840051200CF32200986FF6 /* AskSearchView.swift */; };
		BA840054200CF33300986FF6 /* AskSearchView.xib in Resources */ = {isa = PBXBuildFile; fileRef = BA840053200CF33300986FF6 /* AskSearchView.xib */; };
		BA863BB2200D1C1F0007BD81 /* TitleHeaderView.xib in Resources */ = {isa = PBXBuildFile; fileRef = BA863BB1200D1C1F0007BD81 /* TitleHeaderView.xib */; };
		BA863BB4200D1C2C0007BD81 /* TitleHeaderView.swift in Sources */ = {isa = PBXBuildFile; fileRef = BA863BB3200D1C2C0007BD81 /* TitleHeaderView.swift */; };
		BA863BB8200DD82F0007BD81 /* AlertViewController.swift in Sources */ = {isa = PBXBuildFile; fileRef = BA863BB7200DD82F0007BD81 /* AlertViewController.swift */; };
		BA863BBC200DDA690007BD81 /* TitleWithBackView.swift in Sources */ = {isa = PBXBuildFile; fileRef = BA863BBB200DDA690007BD81 /* TitleWithBackView.swift */; };
		BA863BBE200DDA740007BD81 /* TitleWithBackView.xib in Resources */ = {isa = PBXBuildFile; fileRef = BA863BBD200DDA740007BD81 /* TitleWithBackView.xib */; };
		BA863BC1200E0A530007BD81 /* AskViewModel.swift in Sources */ = {isa = PBXBuildFile; fileRef = BA863BC0200E0A530007BD81 /* AskViewModel.swift */; };
		BA8AEC4C2010D43E007ACC46 /* ResponsePathConfigurerManager.swift in Sources */ = {isa = PBXBuildFile; fileRef = BA8AEC4B2010D43E007ACC46 /* ResponsePathConfigurerManager.swift */; };
		BA8AEC502010D574007ACC46 /* IResponseListener.swift in Sources */ = {isa = PBXBuildFile; fileRef = BA8AEC4F2010D574007ACC46 /* IResponseListener.swift */; };
		BA8AEC522010D5CA007ACC46 /* TrackActivity.swift in Sources */ = {isa = PBXBuildFile; fileRef = BA8AEC512010D5CA007ACC46 /* TrackActivity.swift */; };
		BA8AEC552010D65B007ACC46 /* ResponseListenerRegistrationService.swift in Sources */ = {isa = PBXBuildFile; fileRef = BA8AEC542010D65B007ACC46 /* ResponseListenerRegistrationService.swift */; };
		BA8AEC5820119858007ACC46 /* IRequestManager.swift in Sources */ = {isa = PBXBuildFile; fileRef = BA8AEC5720119858007ACC46 /* IRequestManager.swift */; };
		BA8AEC5A2011994D007ACC46 /* RequestManagerFactory.swift in Sources */ = {isa = PBXBuildFile; fileRef = BA8AEC592011994D007ACC46 /* RequestManagerFactory.swift */; };
		BA8AEC5D20119A5C007ACC46 /* IDataBaseResponseListner.swift in Sources */ = {isa = PBXBuildFile; fileRef = BA8AEC5C20119A5C007ACC46 /* IDataBaseResponseListner.swift */; };
		BA8AEC5F20119ADA007ACC46 /* CouchDatabaseManager.swift in Sources */ = {isa = PBXBuildFile; fileRef = BA8AEC5E20119ADA007ACC46 /* CouchDatabaseManager.swift */; };
		BA8AEC612011C71D007ACC46 /* IResultReceiver.swift in Sources */ = {isa = PBXBuildFile; fileRef = BA8AEC602011C71D007ACC46 /* IResultReceiver.swift */; };
		BA8AEC632011C759007ACC46 /* Response.swift in Sources */ = {isa = PBXBuildFile; fileRef = BA8AEC622011C759007ACC46 /* Response.swift */; };
		BA8AEC672011F78C007ACC46 /* HTTPRequestManager.swift in Sources */ = {isa = PBXBuildFile; fileRef = BA8AEC662011F78C007ACC46 /* HTTPRequestManager.swift */; };
		BA8AEC692011F7A0007ACC46 /* CouchBaseRequestManager.swift in Sources */ = {isa = PBXBuildFile; fileRef = BA8AEC682011F7A0007ACC46 /* CouchBaseRequestManager.swift */; };
		BA90035C2005F4EA00E3A035 /* Ui.swift in Sources */ = {isa = PBXBuildFile; fileRef = BA90035B2005F4EA00E3A035 /* Ui.swift */; };
		BA90035E2005F52900E3A035 /* TextDialog.swift in Sources */ = {isa = PBXBuildFile; fileRef = BA90035D2005F52900E3A035 /* TextDialog.swift */; };
		BA9003612007415200E3A035 /* DataListViewController.swift in Sources */ = {isa = PBXBuildFile; fileRef = BA9003602007415200E3A035 /* DataListViewController.swift */; };
		BA9003642007420D00E3A035 /* ListTableViewCell.swift in Sources */ = {isa = PBXBuildFile; fileRef = BA9003622007420D00E3A035 /* ListTableViewCell.swift */; };
		BA9003652007420D00E3A035 /* ListTableViewCell.xib in Resources */ = {isa = PBXBuildFile; fileRef = BA9003632007420D00E3A035 /* ListTableViewCell.xib */; };
		BA9003682007433700E3A035 /* GenericCollectionViewProtocol.swift in Sources */ = {isa = PBXBuildFile; fileRef = BA9003672007433700E3A035 /* GenericCollectionViewProtocol.swift */; };
		BA9003722007448F00E3A035 /* CollectionDataSource.swift in Sources */ = {isa = PBXBuildFile; fileRef = BA9003712007448F00E3A035 /* CollectionDataSource.swift */; };
		BA9003742007449500E3A035 /* CollectionArrayDataSource.swift in Sources */ = {isa = PBXBuildFile; fileRef = BA9003732007449500E3A035 /* CollectionArrayDataSource.swift */; };
		BA900376200744BD00E3A035 /* TableDataSource.swift in Sources */ = {isa = PBXBuildFile; fileRef = BA900375200744BD00E3A035 /* TableDataSource.swift */; };
		BA900379200744D900E3A035 /* TableDictionaryDataSource.swift in Sources */ = {isa = PBXBuildFile; fileRef = BA900377200744D900E3A035 /* TableDictionaryDataSource.swift */; };
		BA90037A200744D900E3A035 /* TableArrayDataSource.swift in Sources */ = {isa = PBXBuildFile; fileRef = BA900378200744D900E3A035 /* TableArrayDataSource.swift */; };
		BA90037D2007456500E3A035 /* DictionaryDataProvider.swift in Sources */ = {isa = PBXBuildFile; fileRef = BA90037B2007456500E3A035 /* DictionaryDataProvider.swift */; };
		BA90037E2007456500E3A035 /* ArrayDataProvider.swift in Sources */ = {isa = PBXBuildFile; fileRef = BA90037C2007456500E3A035 /* ArrayDataProvider.swift */; };
		BA9003842008BF2D00E3A035 /* Flashable.swift in Sources */ = {isa = PBXBuildFile; fileRef = BA9003822008BF2C00E3A035 /* Flashable.swift */; };
		BA9003852008BF2D00E3A035 /* Jitterable.swift in Sources */ = {isa = PBXBuildFile; fileRef = BA9003832008BF2C00E3A035 /* Jitterable.swift */; };
		BA9003872008BFCC00E3A035 /* AppStyleGuide.swift in Sources */ = {isa = PBXBuildFile; fileRef = BA9003862008BFCC00E3A035 /* AppStyleGuide.swift */; };
		BA90038C2008C48D00E3A035 /* AuthenticatorProtocol.swift in Sources */ = {isa = PBXBuildFile; fileRef = BA90038B2008C48D00E3A035 /* AuthenticatorProtocol.swift */; };
		BA90038E2008CAAC00E3A035 /* LoginService.swift in Sources */ = {isa = PBXBuildFile; fileRef = BA90038D2008CAAC00E3A035 /* LoginService.swift */; };
		BA9003932008E69200E3A035 /* CBLTableViewController.swift in Sources */ = {isa = PBXBuildFile; fileRef = BA9003922008E69200E3A035 /* CBLTableViewController.swift */; };
		BA9003962008EB0100E3A035 /* CBLTableViewCell.swift in Sources */ = {isa = PBXBuildFile; fileRef = BA9003942008EB0100E3A035 /* CBLTableViewCell.swift */; };
		BA9003972008EB0100E3A035 /* CBLTableViewCell.xib in Resources */ = {isa = PBXBuildFile; fileRef = BA9003952008EB0100E3A035 /* CBLTableViewCell.xib */; };
		BA90039B2008F31100E3A035 /* CBLDataHelper.swift in Sources */ = {isa = PBXBuildFile; fileRef = BA90039A2008F31100E3A035 /* CBLDataHelper.swift */; };
		BA93D8E5200C7FF500002D6A /* userQuery.swift in Sources */ = {isa = PBXBuildFile; fileRef = BA93D8E4200C7FF500002D6A /* userQuery.swift */; };
		BA986F8520144ED9003C3D1B /* TrackTableViewCell.swift in Sources */ = {isa = PBXBuildFile; fileRef = BA986F8320144ED9003C3D1B /* TrackTableViewCell.swift */; };
		BA986F8620144ED9003C3D1B /* TrackTableViewCell.xib in Resources */ = {isa = PBXBuildFile; fileRef = BA986F8420144ED9003C3D1B /* TrackTableViewCell.xib */; };
		BA986F8920144F6E003C3D1B /* TrackViewModel.swift in Sources */ = {isa = PBXBuildFile; fileRef = BA986F8820144F6E003C3D1B /* TrackViewModel.swift */; };
		BA986F8C2014500E003C3D1B /* TrackDataSource.swift in Sources */ = {isa = PBXBuildFile; fileRef = BA986F8B2014500E003C3D1B /* TrackDataSource.swift */; };
		BA986F8E2014584E003C3D1B /* AlertDataSource.swift in Sources */ = {isa = PBXBuildFile; fileRef = BA986F8D2014584E003C3D1B /* AlertDataSource.swift */; };
		BA986F93201458A3003C3D1B /* AlertTableViewCell.swift in Sources */ = {isa = PBXBuildFile; fileRef = BA986F91201458A3003C3D1B /* AlertTableViewCell.swift */; };
		BA986F94201458A3003C3D1B /* AlertTableViewCell.xib in Resources */ = {isa = PBXBuildFile; fileRef = BA986F92201458A3003C3D1B /* AlertTableViewCell.xib */; };
		BA986F9620145AB0003C3D1B /* AlertViewModel.swift in Sources */ = {isa = PBXBuildFile; fileRef = BA986F9520145AB0003C3D1B /* AlertViewModel.swift */; };
		BAA50304200BBF1D00A4AC73 /* UILabel+dimension.swift in Sources */ = {isa = PBXBuildFile; fileRef = BAA50301200BBF1D00A4AC73 /* UILabel+dimension.swift */; };
		BAA50305200BBF1D00A4AC73 /* UIView+Border.swift in Sources */ = {isa = PBXBuildFile; fileRef = BAA50302200BBF1D00A4AC73 /* UIView+Border.swift */; };
		BAA50306200BBF1D00A4AC73 /* UIColor+Convenience.swift in Sources */ = {isa = PBXBuildFile; fileRef = BAA50303200BBF1D00A4AC73 /* UIColor+Convenience.swift */; };
		BAA50308200BBF7800A4AC73 /* Double+Kformatted.swift in Sources */ = {isa = PBXBuildFile; fileRef = BAA50307200BBF7800A4AC73 /* Double+Kformatted.swift */; };
		BAA5030A200BBFDD00A4AC73 /* PaddedLabel.swift in Sources */ = {isa = PBXBuildFile; fileRef = BAA50309200BBFDD00A4AC73 /* PaddedLabel.swift */; };
		BAA5030E200BC18D00A4AC73 /* NSAttributedString+Default.swift in Sources */ = {isa = PBXBuildFile; fileRef = BAA5030B200BC18D00A4AC73 /* NSAttributedString+Default.swift */; };
		BAA5030F200BC18D00A4AC73 /* Kingfisher+extension.swift in Sources */ = {isa = PBXBuildFile; fileRef = BAA5030C200BC18D00A4AC73 /* Kingfisher+extension.swift */; };
		BAA50310200BC18D00A4AC73 /* UIImage+Creation.swift in Sources */ = {isa = PBXBuildFile; fileRef = BAA5030D200BC18D00A4AC73 /* UIImage+Creation.swift */; };
		BAB691DE201606FB0061B3D2 /* CouchbaseManagerFactory.swift in Sources */ = {isa = PBXBuildFile; fileRef = BAB691DD201606FB0061B3D2 /* CouchbaseManagerFactory.swift */; };
		BAB691E22016081E0061B3D2 /* AskDataBaseManager.swift in Sources */ = {isa = PBXBuildFile; fileRef = BAB691E12016081E0061B3D2 /* AskDataBaseManager.swift */; };
		BAB691E4201608290061B3D2 /* TrackDataBaseManager.swift in Sources */ = {isa = PBXBuildFile; fileRef = BAB691E3201608290061B3D2 /* TrackDataBaseManager.swift */; };
		BAB691E6201608360061B3D2 /* AlertDataBaseManager.swift in Sources */ = {isa = PBXBuildFile; fileRef = BAB691E5201608360061B3D2 /* AlertDataBaseManager.swift */; };
		BAB691E9201626EC0061B3D2 /* AskModel.swift in Sources */ = {isa = PBXBuildFile; fileRef = BAB691E8201626EC0061B3D2 /* AskModel.swift */; };
		BAB691EC20185B1F0061B3D2 /* AskIntentView.swift in Sources */ = {isa = PBXBuildFile; fileRef = BAB691EB20185B1F0061B3D2 /* AskIntentView.swift */; };
		BAB691EE20185B810061B3D2 /* AskIntentView.xib in Resources */ = {isa = PBXBuildFile; fileRef = BAB691ED20185B810061B3D2 /* AskIntentView.xib */; };
		BACBB9E6200E7DB000A44ED3 /* AskCBLChangeListner.swift in Sources */ = {isa = PBXBuildFile; fileRef = BACBB9E5200E7DB000A44ED3 /* AskCBLChangeListner.swift */; };
		BAEC1FF12004A52000B79AB1 /* AppDelegate.swift in Sources */ = {isa = PBXBuildFile; fileRef = BAEC1FF02004A52000B79AB1 /* AppDelegate.swift */; };
		BAEC1FF62004A52000B79AB1 /* Main.storyboard in Resources */ = {isa = PBXBuildFile; fileRef = BAEC1FF42004A52000B79AB1 /* Main.storyboard */; };
		BAEC1FF82004A52000B79AB1 /* Assets.xcassets in Resources */ = {isa = PBXBuildFile; fileRef = BAEC1FF72004A52000B79AB1 /* Assets.xcassets */; };
		BAEC1FFB2004A52000B79AB1 /* LaunchScreen.storyboard in Resources */ = {isa = PBXBuildFile; fileRef = BAEC1FF92004A52000B79AB1 /* LaunchScreen.storyboard */; };
		BAEC20062004A52000B79AB1 /* CouchbaseProjectTests.swift in Sources */ = {isa = PBXBuildFile; fileRef = BAEC20052004A52000B79AB1 /* CouchbaseProjectTests.swift */; };
		BAEC20112004A52000B79AB1 /* CouchbaseProjectUITests.swift in Sources */ = {isa = PBXBuildFile; fileRef = BAEC20102004A52000B79AB1 /* CouchbaseProjectUITests.swift */; };
		BAEC20202004D0B700B79AB1 /* LoginWithReplicationSerices.swift in Sources */ = {isa = PBXBuildFile; fileRef = BAEC201F2004D0B700B79AB1 /* LoginWithReplicationSerices.swift */; };
		BAEC20252004EF7C00B79AB1 /* LoginViewController.swift in Sources */ = {isa = PBXBuildFile; fileRef = BAEC20242004EF7C00B79AB1 /* LoginViewController.swift */; };
		F3DA8549E89BC06CE421426B /* Pods_CouchbaseProjectUITests.framework in Frameworks */ = {isa = PBXBuildFile; fileRef = 18259786879FFE482262A1A9 /* Pods_CouchbaseProjectUITests.framework */; };
/* End PBXBuildFile section */

/* Begin PBXContainerItemProxy section */
		BAEC20022004A52000B79AB1 /* PBXContainerItemProxy */ = {
			isa = PBXContainerItemProxy;
			containerPortal = BAEC1FE52004A52000B79AB1 /* Project object */;
			proxyType = 1;
			remoteGlobalIDString = BAEC1FEC2004A52000B79AB1;
			remoteInfo = CouchbaseProject;
		};
		BAEC200D2004A52000B79AB1 /* PBXContainerItemProxy */ = {
			isa = PBXContainerItemProxy;
			containerPortal = BAEC1FE52004A52000B79AB1 /* Project object */;
			proxyType = 1;
			remoteGlobalIDString = BAEC1FEC2004A52000B79AB1;
			remoteInfo = CouchbaseProject;
		};
/* End PBXContainerItemProxy section */

/* Begin PBXFileReference section */
		18259786879FFE482262A1A9 /* Pods_CouchbaseProjectUITests.framework */ = {isa = PBXFileReference; explicitFileType = wrapper.framework; includeInIndex = 0; path = Pods_CouchbaseProjectUITests.framework; sourceTree = BUILT_PRODUCTS_DIR; };
		1D4E0ED356AD4D3431E19206 /* Pods-CouchbaseProjectUITests.release.xcconfig */ = {isa = PBXFileReference; includeInIndex = 1; lastKnownFileType = text.xcconfig; name = "Pods-CouchbaseProjectUITests.release.xcconfig"; path = "Pods/Target Support Files/Pods-CouchbaseProjectUITests/Pods-CouchbaseProjectUITests.release.xcconfig"; sourceTree = "<group>"; };
		3507C8CD23A8E5D8D062E4E0 /* Pods-CouchbaseProjectUITests.debug.xcconfig */ = {isa = PBXFileReference; includeInIndex = 1; lastKnownFileType = text.xcconfig; name = "Pods-CouchbaseProjectUITests.debug.xcconfig"; path = "Pods/Target Support Files/Pods-CouchbaseProjectUITests/Pods-CouchbaseProjectUITests.debug.xcconfig"; sourceTree = "<group>"; };
		45F98B471B180B602EBE0DC7 /* Pods-CouchbaseProjectTests.debug.xcconfig */ = {isa = PBXFileReference; includeInIndex = 1; lastKnownFileType = text.xcconfig; name = "Pods-CouchbaseProjectTests.debug.xcconfig"; path = "Pods/Target Support Files/Pods-CouchbaseProjectTests/Pods-CouchbaseProjectTests.debug.xcconfig"; sourceTree = "<group>"; };
		89CB3F78D728A24778D54F93 /* Pods_CouchbaseProjectTests.framework */ = {isa = PBXFileReference; explicitFileType = wrapper.framework; includeInIndex = 0; path = Pods_CouchbaseProjectTests.framework; sourceTree = BUILT_PRODUCTS_DIR; };
		904000B52BA4720AAAE88741 /* Pods-CouchbaseProjectTests.release.xcconfig */ = {isa = PBXFileReference; includeInIndex = 1; lastKnownFileType = text.xcconfig; name = "Pods-CouchbaseProjectTests.release.xcconfig"; path = "Pods/Target Support Files/Pods-CouchbaseProjectTests/Pods-CouchbaseProjectTests.release.xcconfig"; sourceTree = "<group>"; };
		BA5B3882200EDF470088543B /* CBLFetchResultController.swift */ = {isa = PBXFileReference; lastKnownFileType = sourcecode.swift; path = CBLFetchResultController.swift; sourceTree = "<group>"; };
		BA5B3884200EE9910088543B /* CoreDataProvider.swift */ = {isa = PBXFileReference; lastKnownFileType = sourcecode.swift; path = CoreDataProvider.swift; sourceTree = "<group>"; };
		BA5B3888200F08150088543B /* Constants.swift */ = {isa = PBXFileReference; lastKnownFileType = sourcecode.swift; path = Constants.swift; sourceTree = "<group>"; };
		BA5B388A200F6A660088543B /* UIView+Shadow.swift */ = {isa = PBXFileReference; lastKnownFileType = sourcecode.swift; path = "UIView+Shadow.swift"; sourceTree = "<group>"; };
		BA840038200C87A800986FF6 /* QIResponse.swift */ = {isa = PBXFileReference; lastKnownFileType = sourcecode.swift; path = QIResponse.swift; sourceTree = "<group>"; };
		BA84003B200C8BAB00986FF6 /* MillisecondsToDateTransform.swift */ = {isa = PBXFileReference; lastKnownFileType = sourcecode.swift; path = MillisecondsToDateTransform.swift; sourceTree = "<group>"; };
		BA84003D200C8BDF00986FF6 /* Utility.swift */ = {isa = PBXFileReference; lastKnownFileType = sourcecode.swift; path = Utility.swift; sourceTree = "<group>"; };
		BA840040200C9F9700986FF6 /* AskView.swift */ = {isa = PBXFileReference; lastKnownFileType = sourcecode.swift; path = AskView.swift; sourceTree = "<group>"; };
		BA840042200C9FA700986FF6 /* AskView.xib */ = {isa = PBXFileReference; lastKnownFileType = file.xib; path = AskView.xib; sourceTree = "<group>"; };
		BA840045200CA04C00986FF6 /* AskDataSource.swift */ = {isa = PBXFileReference; lastKnownFileType = sourcecode.swift; path = AskDataSource.swift; sourceTree = "<group>"; };
		BA840047200CA0B100986FF6 /* AskTableViewCell.swift */ = {isa = PBXFileReference; lastKnownFileType = sourcecode.swift; path = AskTableViewCell.swift; sourceTree = "<group>"; };
		BA840048200CA0B100986FF6 /* AskTableViewCell.xib */ = {isa = PBXFileReference; lastKnownFileType = file.xib; path = AskTableViewCell.xib; sourceTree = "<group>"; };
		BA84004C200CA61300986FF6 /* BaseAskViewController.swift */ = {isa = PBXFileReference; lastKnownFileType = sourcecode.swift; path = BaseAskViewController.swift; sourceTree = "<group>"; };
		BA84004E200CC06200986FF6 /* TrackAskViewController.swift */ = {isa = PBXFileReference; lastKnownFileType = sourcecode.swift; path = TrackAskViewController.swift; sourceTree = "<group>"; };
		BA840051200CF32200986FF6 /* AskSearchView.swift */ = {isa = PBXFileReference; lastKnownFileType = sourcecode.swift; path = AskSearchView.swift; sourceTree = "<group>"; };
		BA840053200CF33300986FF6 /* AskSearchView.xib */ = {isa = PBXFileReference; lastKnownFileType = file.xib; path = AskSearchView.xib; sourceTree = "<group>"; };
		BA863BB1200D1C1F0007BD81 /* TitleHeaderView.xib */ = {isa = PBXFileReference; lastKnownFileType = file.xib; path = TitleHeaderView.xib; sourceTree = "<group>"; };
		BA863BB3200D1C2C0007BD81 /* TitleHeaderView.swift */ = {isa = PBXFileReference; lastKnownFileType = sourcecode.swift; path = TitleHeaderView.swift; sourceTree = "<group>"; };
		BA863BB7200DD82F0007BD81 /* AlertViewController.swift */ = {isa = PBXFileReference; lastKnownFileType = sourcecode.swift; path = AlertViewController.swift; sourceTree = "<group>"; };
		BA863BBB200DDA690007BD81 /* TitleWithBackView.swift */ = {isa = PBXFileReference; lastKnownFileType = sourcecode.swift; path = TitleWithBackView.swift; sourceTree = "<group>"; };
		BA863BBD200DDA740007BD81 /* TitleWithBackView.xib */ = {isa = PBXFileReference; lastKnownFileType = file.xib; path = TitleWithBackView.xib; sourceTree = "<group>"; };
		BA863BC0200E0A530007BD81 /* AskViewModel.swift */ = {isa = PBXFileReference; lastKnownFileType = sourcecode.swift; path = AskViewModel.swift; sourceTree = "<group>"; };
		BA8AEC4B2010D43E007ACC46 /* ResponsePathConfigurerManager.swift */ = {isa = PBXFileReference; lastKnownFileType = sourcecode.swift; path = ResponsePathConfigurerManager.swift; sourceTree = "<group>"; };
		BA8AEC4F2010D574007ACC46 /* IResponseListener.swift */ = {isa = PBXFileReference; lastKnownFileType = sourcecode.swift; path = IResponseListener.swift; sourceTree = "<group>"; };
		BA8AEC512010D5CA007ACC46 /* TrackActivity.swift */ = {isa = PBXFileReference; lastKnownFileType = sourcecode.swift; path = TrackActivity.swift; sourceTree = "<group>"; };
		BA8AEC542010D65B007ACC46 /* ResponseListenerRegistrationService.swift */ = {isa = PBXFileReference; lastKnownFileType = sourcecode.swift; path = ResponseListenerRegistrationService.swift; sourceTree = "<group>"; };
		BA8AEC5720119858007ACC46 /* IRequestManager.swift */ = {isa = PBXFileReference; lastKnownFileType = sourcecode.swift; path = IRequestManager.swift; sourceTree = "<group>"; };
		BA8AEC592011994D007ACC46 /* RequestManagerFactory.swift */ = {isa = PBXFileReference; lastKnownFileType = sourcecode.swift; path = RequestManagerFactory.swift; sourceTree = "<group>"; };
		BA8AEC5C20119A5C007ACC46 /* IDataBaseResponseListner.swift */ = {isa = PBXFileReference; lastKnownFileType = sourcecode.swift; path = IDataBaseResponseListner.swift; sourceTree = "<group>"; };
		BA8AEC5E20119ADA007ACC46 /* CouchDatabaseManager.swift */ = {isa = PBXFileReference; lastKnownFileType = sourcecode.swift; path = CouchDatabaseManager.swift; sourceTree = "<group>"; };
		BA8AEC602011C71D007ACC46 /* IResultReceiver.swift */ = {isa = PBXFileReference; lastKnownFileType = sourcecode.swift; path = IResultReceiver.swift; sourceTree = "<group>"; };
		BA8AEC622011C759007ACC46 /* Response.swift */ = {isa = PBXFileReference; lastKnownFileType = sourcecode.swift; path = Response.swift; sourceTree = "<group>"; };
		BA8AEC662011F78C007ACC46 /* HTTPRequestManager.swift */ = {isa = PBXFileReference; lastKnownFileType = sourcecode.swift; path = HTTPRequestManager.swift; sourceTree = "<group>"; };
		BA8AEC682011F7A0007ACC46 /* CouchBaseRequestManager.swift */ = {isa = PBXFileReference; lastKnownFileType = sourcecode.swift; path = CouchBaseRequestManager.swift; sourceTree = "<group>"; };
		BA90035B2005F4EA00E3A035 /* Ui.swift */ = {isa = PBXFileReference; lastKnownFileType = sourcecode.swift; path = Ui.swift; sourceTree = "<group>"; };
		BA90035D2005F52900E3A035 /* TextDialog.swift */ = {isa = PBXFileReference; lastKnownFileType = sourcecode.swift; path = TextDialog.swift; sourceTree = "<group>"; };
		BA9003602007415200E3A035 /* DataListViewController.swift */ = {isa = PBXFileReference; lastKnownFileType = sourcecode.swift; path = DataListViewController.swift; sourceTree = "<group>"; };
		BA9003622007420D00E3A035 /* ListTableViewCell.swift */ = {isa = PBXFileReference; lastKnownFileType = sourcecode.swift; path = ListTableViewCell.swift; sourceTree = "<group>"; };
		BA9003632007420D00E3A035 /* ListTableViewCell.xib */ = {isa = PBXFileReference; lastKnownFileType = file.xib; path = ListTableViewCell.xib; sourceTree = "<group>"; };
		BA9003672007433700E3A035 /* GenericCollectionViewProtocol.swift */ = {isa = PBXFileReference; fileEncoding = 4; lastKnownFileType = sourcecode.swift; path = GenericCollectionViewProtocol.swift; sourceTree = "<group>"; };
		BA9003712007448F00E3A035 /* CollectionDataSource.swift */ = {isa = PBXFileReference; fileEncoding = 4; lastKnownFileType = sourcecode.swift; path = CollectionDataSource.swift; sourceTree = "<group>"; };
		BA9003732007449500E3A035 /* CollectionArrayDataSource.swift */ = {isa = PBXFileReference; fileEncoding = 4; lastKnownFileType = sourcecode.swift; path = CollectionArrayDataSource.swift; sourceTree = "<group>"; };
		BA900375200744BD00E3A035 /* TableDataSource.swift */ = {isa = PBXFileReference; fileEncoding = 4; lastKnownFileType = sourcecode.swift; path = TableDataSource.swift; sourceTree = "<group>"; };
		BA900377200744D900E3A035 /* TableDictionaryDataSource.swift */ = {isa = PBXFileReference; fileEncoding = 4; lastKnownFileType = sourcecode.swift; path = TableDictionaryDataSource.swift; sourceTree = "<group>"; };
		BA900378200744D900E3A035 /* TableArrayDataSource.swift */ = {isa = PBXFileReference; fileEncoding = 4; lastKnownFileType = sourcecode.swift; path = TableArrayDataSource.swift; sourceTree = "<group>"; };
		BA90037B2007456500E3A035 /* DictionaryDataProvider.swift */ = {isa = PBXFileReference; fileEncoding = 4; lastKnownFileType = sourcecode.swift; path = DictionaryDataProvider.swift; sourceTree = "<group>"; };
		BA90037C2007456500E3A035 /* ArrayDataProvider.swift */ = {isa = PBXFileReference; fileEncoding = 4; lastKnownFileType = sourcecode.swift; path = ArrayDataProvider.swift; sourceTree = "<group>"; };
		BA9003822008BF2C00E3A035 /* Flashable.swift */ = {isa = PBXFileReference; fileEncoding = 4; lastKnownFileType = sourcecode.swift; path = Flashable.swift; sourceTree = "<group>"; };
		BA9003832008BF2C00E3A035 /* Jitterable.swift */ = {isa = PBXFileReference; fileEncoding = 4; lastKnownFileType = sourcecode.swift; path = Jitterable.swift; sourceTree = "<group>"; };
		BA9003862008BFCC00E3A035 /* AppStyleGuide.swift */ = {isa = PBXFileReference; lastKnownFileType = sourcecode.swift; path = AppStyleGuide.swift; sourceTree = "<group>"; };
		BA90038B2008C48D00E3A035 /* AuthenticatorProtocol.swift */ = {isa = PBXFileReference; lastKnownFileType = sourcecode.swift; path = AuthenticatorProtocol.swift; sourceTree = "<group>"; };
		BA90038D2008CAAC00E3A035 /* LoginService.swift */ = {isa = PBXFileReference; lastKnownFileType = sourcecode.swift; path = LoginService.swift; sourceTree = "<group>"; };
		BA9003922008E69200E3A035 /* CBLTableViewController.swift */ = {isa = PBXFileReference; lastKnownFileType = sourcecode.swift; path = CBLTableViewController.swift; sourceTree = "<group>"; };
		BA9003942008EB0100E3A035 /* CBLTableViewCell.swift */ = {isa = PBXFileReference; lastKnownFileType = sourcecode.swift; path = CBLTableViewCell.swift; sourceTree = "<group>"; };
		BA9003952008EB0100E3A035 /* CBLTableViewCell.xib */ = {isa = PBXFileReference; lastKnownFileType = file.xib; path = CBLTableViewCell.xib; sourceTree = "<group>"; };
		BA90039A2008F31100E3A035 /* CBLDataHelper.swift */ = {isa = PBXFileReference; lastKnownFileType = sourcecode.swift; path = CBLDataHelper.swift; sourceTree = "<group>"; };
		BA93D8E4200C7FF500002D6A /* userQuery.swift */ = {isa = PBXFileReference; lastKnownFileType = sourcecode.swift; path = userQuery.swift; sourceTree = "<group>"; };
		BA986F8320144ED9003C3D1B /* TrackTableViewCell.swift */ = {isa = PBXFileReference; lastKnownFileType = sourcecode.swift; path = TrackTableViewCell.swift; sourceTree = "<group>"; };
		BA986F8420144ED9003C3D1B /* TrackTableViewCell.xib */ = {isa = PBXFileReference; lastKnownFileType = file.xib; path = TrackTableViewCell.xib; sourceTree = "<group>"; };
		BA986F8820144F6E003C3D1B /* TrackViewModel.swift */ = {isa = PBXFileReference; lastKnownFileType = sourcecode.swift; path = TrackViewModel.swift; sourceTree = "<group>"; };
		BA986F8B2014500E003C3D1B /* TrackDataSource.swift */ = {isa = PBXFileReference; lastKnownFileType = sourcecode.swift; path = TrackDataSource.swift; sourceTree = "<group>"; };
		BA986F8D2014584E003C3D1B /* AlertDataSource.swift */ = {isa = PBXFileReference; lastKnownFileType = sourcecode.swift; path = AlertDataSource.swift; sourceTree = "<group>"; };
		BA986F91201458A3003C3D1B /* AlertTableViewCell.swift */ = {isa = PBXFileReference; lastKnownFileType = sourcecode.swift; path = AlertTableViewCell.swift; sourceTree = "<group>"; };
		BA986F92201458A3003C3D1B /* AlertTableViewCell.xib */ = {isa = PBXFileReference; lastKnownFileType = file.xib; path = AlertTableViewCell.xib; sourceTree = "<group>"; };
		BA986F9520145AB0003C3D1B /* AlertViewModel.swift */ = {isa = PBXFileReference; lastKnownFileType = sourcecode.swift; path = AlertViewModel.swift; sourceTree = "<group>"; };
		BAA50301200BBF1D00A4AC73 /* UILabel+dimension.swift */ = {isa = PBXFileReference; fileEncoding = 4; lastKnownFileType = sourcecode.swift; path = "UILabel+dimension.swift"; sourceTree = "<group>"; };
		BAA50302200BBF1D00A4AC73 /* UIView+Border.swift */ = {isa = PBXFileReference; fileEncoding = 4; lastKnownFileType = sourcecode.swift; path = "UIView+Border.swift"; sourceTree = "<group>"; };
		BAA50303200BBF1D00A4AC73 /* UIColor+Convenience.swift */ = {isa = PBXFileReference; fileEncoding = 4; lastKnownFileType = sourcecode.swift; path = "UIColor+Convenience.swift"; sourceTree = "<group>"; };
		BAA50307200BBF7800A4AC73 /* Double+Kformatted.swift */ = {isa = PBXFileReference; fileEncoding = 4; lastKnownFileType = sourcecode.swift; path = "Double+Kformatted.swift"; sourceTree = "<group>"; };
		BAA50309200BBFDD00A4AC73 /* PaddedLabel.swift */ = {isa = PBXFileReference; fileEncoding = 4; lastKnownFileType = sourcecode.swift; path = PaddedLabel.swift; sourceTree = "<group>"; };
		BAA5030B200BC18D00A4AC73 /* NSAttributedString+Default.swift */ = {isa = PBXFileReference; fileEncoding = 4; lastKnownFileType = sourcecode.swift; path = "NSAttributedString+Default.swift"; sourceTree = "<group>"; };
		BAA5030C200BC18D00A4AC73 /* Kingfisher+extension.swift */ = {isa = PBXFileReference; fileEncoding = 4; lastKnownFileType = sourcecode.swift; path = "Kingfisher+extension.swift"; sourceTree = "<group>"; };
		BAA5030D200BC18D00A4AC73 /* UIImage+Creation.swift */ = {isa = PBXFileReference; fileEncoding = 4; lastKnownFileType = sourcecode.swift; path = "UIImage+Creation.swift"; sourceTree = "<group>"; };
		BAB691DD201606FB0061B3D2 /* CouchbaseManagerFactory.swift */ = {isa = PBXFileReference; lastKnownFileType = sourcecode.swift; path = CouchbaseManagerFactory.swift; sourceTree = "<group>"; };
		BAB691E12016081E0061B3D2 /* AskDataBaseManager.swift */ = {isa = PBXFileReference; lastKnownFileType = sourcecode.swift; path = AskDataBaseManager.swift; sourceTree = "<group>"; };
		BAB691E3201608290061B3D2 /* TrackDataBaseManager.swift */ = {isa = PBXFileReference; lastKnownFileType = sourcecode.swift; path = TrackDataBaseManager.swift; sourceTree = "<group>"; };
		BAB691E5201608360061B3D2 /* AlertDataBaseManager.swift */ = {isa = PBXFileReference; lastKnownFileType = sourcecode.swift; path = AlertDataBaseManager.swift; sourceTree = "<group>"; };
		BAB691E8201626EC0061B3D2 /* AskModel.swift */ = {isa = PBXFileReference; lastKnownFileType = sourcecode.swift; path = AskModel.swift; sourceTree = "<group>"; };
		BAB691EB20185B1F0061B3D2 /* AskIntentView.swift */ = {isa = PBXFileReference; lastKnownFileType = sourcecode.swift; path = AskIntentView.swift; sourceTree = "<group>"; };
		BAB691ED20185B810061B3D2 /* AskIntentView.xib */ = {isa = PBXFileReference; lastKnownFileType = file.xib; path = AskIntentView.xib; sourceTree = "<group>"; };
		BACBB9E5200E7DB000A44ED3 /* AskCBLChangeListner.swift */ = {isa = PBXFileReference; lastKnownFileType = sourcecode.swift; path = AskCBLChangeListner.swift; sourceTree = "<group>"; };
		BAEC1FED2004A52000B79AB1 /* CouchbaseProject.app */ = {isa = PBXFileReference; explicitFileType = wrapper.application; includeInIndex = 0; path = CouchbaseProject.app; sourceTree = BUILT_PRODUCTS_DIR; };
		BAEC1FF02004A52000B79AB1 /* AppDelegate.swift */ = {isa = PBXFileReference; lastKnownFileType = sourcecode.swift; path = AppDelegate.swift; sourceTree = "<group>"; };
		BAEC1FF52004A52000B79AB1 /* Base */ = {isa = PBXFileReference; lastKnownFileType = file.storyboard; name = Base; path = Base.lproj/Main.storyboard; sourceTree = "<group>"; };
		BAEC1FF72004A52000B79AB1 /* Assets.xcassets */ = {isa = PBXFileReference; lastKnownFileType = folder.assetcatalog; path = Assets.xcassets; sourceTree = "<group>"; };
		BAEC1FFA2004A52000B79AB1 /* Base */ = {isa = PBXFileReference; lastKnownFileType = file.storyboard; name = Base; path = Base.lproj/LaunchScreen.storyboard; sourceTree = "<group>"; };
		BAEC1FFC2004A52000B79AB1 /* Info.plist */ = {isa = PBXFileReference; lastKnownFileType = text.plist.xml; path = Info.plist; sourceTree = "<group>"; };
		BAEC20012004A52000B79AB1 /* CouchbaseProjectTests.xctest */ = {isa = PBXFileReference; explicitFileType = wrapper.cfbundle; includeInIndex = 0; path = CouchbaseProjectTests.xctest; sourceTree = BUILT_PRODUCTS_DIR; };
		BAEC20052004A52000B79AB1 /* CouchbaseProjectTests.swift */ = {isa = PBXFileReference; lastKnownFileType = sourcecode.swift; path = CouchbaseProjectTests.swift; sourceTree = "<group>"; };
		BAEC20072004A52000B79AB1 /* Info.plist */ = {isa = PBXFileReference; lastKnownFileType = text.plist.xml; path = Info.plist; sourceTree = "<group>"; };
		BAEC200C2004A52000B79AB1 /* CouchbaseProjectUITests.xctest */ = {isa = PBXFileReference; explicitFileType = wrapper.cfbundle; includeInIndex = 0; path = CouchbaseProjectUITests.xctest; sourceTree = BUILT_PRODUCTS_DIR; };
		BAEC20102004A52000B79AB1 /* CouchbaseProjectUITests.swift */ = {isa = PBXFileReference; lastKnownFileType = sourcecode.swift; path = CouchbaseProjectUITests.swift; sourceTree = "<group>"; };
		BAEC20122004A52000B79AB1 /* Info.plist */ = {isa = PBXFileReference; lastKnownFileType = text.plist.xml; path = Info.plist; sourceTree = "<group>"; };
		BAEC201F2004D0B700B79AB1 /* LoginWithReplicationSerices.swift */ = {isa = PBXFileReference; lastKnownFileType = sourcecode.swift; path = LoginWithReplicationSerices.swift; sourceTree = "<group>"; };
		BAEC20212004D2CF00B79AB1 /* CouchBase-Bridging-Header.h */ = {isa = PBXFileReference; lastKnownFileType = sourcecode.c.h; path = "CouchBase-Bridging-Header.h"; sourceTree = "<group>"; };
		BAEC20242004EF7C00B79AB1 /* LoginViewController.swift */ = {isa = PBXFileReference; lastKnownFileType = sourcecode.swift; path = LoginViewController.swift; sourceTree = "<group>"; };
		E88418312391CDD6CC4D036F /* Pods-CouchbaseProject.release.xcconfig */ = {isa = PBXFileReference; includeInIndex = 1; lastKnownFileType = text.xcconfig; name = "Pods-CouchbaseProject.release.xcconfig"; path = "Pods/Target Support Files/Pods-CouchbaseProject/Pods-CouchbaseProject.release.xcconfig"; sourceTree = "<group>"; };
		EB0631E39CCC8C46DD30882D /* Pods-CouchbaseProject.debug.xcconfig */ = {isa = PBXFileReference; includeInIndex = 1; lastKnownFileType = text.xcconfig; name = "Pods-CouchbaseProject.debug.xcconfig"; path = "Pods/Target Support Files/Pods-CouchbaseProject/Pods-CouchbaseProject.debug.xcconfig"; sourceTree = "<group>"; };
		F845A5EB87476EA6A1399E6D /* Pods_CouchbaseProject.framework */ = {isa = PBXFileReference; explicitFileType = wrapper.framework; includeInIndex = 0; path = Pods_CouchbaseProject.framework; sourceTree = BUILT_PRODUCTS_DIR; };
/* End PBXFileReference section */

/* Begin PBXFrameworksBuildPhase section */
		BAEC1FEA2004A52000B79AB1 /* Frameworks */ = {
			isa = PBXFrameworksBuildPhase;
			buildActionMask = 2147483647;
			files = (
				00521A16C7DDDFAA3517D65D /* Pods_CouchbaseProject.framework in Frameworks */,
			);
			runOnlyForDeploymentPostprocessing = 0;
		};
		BAEC1FFE2004A52000B79AB1 /* Frameworks */ = {
			isa = PBXFrameworksBuildPhase;
			buildActionMask = 2147483647;
			files = (
				8D5398E727A660825E9DB767 /* Pods_CouchbaseProjectTests.framework in Frameworks */,
			);
			runOnlyForDeploymentPostprocessing = 0;
		};
		BAEC20092004A52000B79AB1 /* Frameworks */ = {
			isa = PBXFrameworksBuildPhase;
			buildActionMask = 2147483647;
			files = (
				F3DA8549E89BC06CE421426B /* Pods_CouchbaseProjectUITests.framework in Frameworks */,
			);
			runOnlyForDeploymentPostprocessing = 0;
		};
/* End PBXFrameworksBuildPhase section */

/* Begin PBXGroup section */
		654E66450A7F6B0E1E23BFDC /* Frameworks */ = {
			isa = PBXGroup;
			children = (
				F845A5EB87476EA6A1399E6D /* Pods_CouchbaseProject.framework */,
				89CB3F78D728A24778D54F93 /* Pods_CouchbaseProjectTests.framework */,
				18259786879FFE482262A1A9 /* Pods_CouchbaseProjectUITests.framework */,
			);
			name = Frameworks;
			sourceTree = "<group>";
		};
		BA84003A200C8B8800986FF6 /* Transformers */ = {
			isa = PBXGroup;
			children = (
				BA84003B200C8BAB00986FF6 /* MillisecondsToDateTransform.swift */,
			);
			path = Transformers;
			sourceTree = "<group>";
		};
		BA84003F200C9F5C00986FF6 /* AskScene */ = {
			isa = PBXGroup;
			children = (
				BACBB9E4200E7B4600A44ED3 /* AskCBLDataListner */,
				BA863BBF200E0A120007BD81 /* ViewModel */,
				BA84004B200CA59500986FF6 /* Controller */,
				BA840044200CA02500986FF6 /* AskView */,
			);
			path = AskScene;
			sourceTree = "<group>";
		};
		BA840044200CA02500986FF6 /* AskView */ = {
			isa = PBXGroup;
			children = (
				BAB691EA20185AE90061B3D2 /* AskCellView */,
				BA840050200CF2D200986FF6 /* SearchView */,
				BA840045200CA04C00986FF6 /* AskDataSource.swift */,
				BA840040200C9F9700986FF6 /* AskView.swift */,
				BA840042200C9FA700986FF6 /* AskView.xib */,
			);
			path = AskView;
			sourceTree = "<group>";
		};
		BA84004B200CA59500986FF6 /* Controller */ = {
			isa = PBXGroup;
			children = (
				BA84004C200CA61300986FF6 /* BaseAskViewController.swift */,
			);
			path = Controller;
			sourceTree = "<group>";
		};
		BA840050200CF2D200986FF6 /* SearchView */ = {
			isa = PBXGroup;
			children = (
				BA840051200CF32200986FF6 /* AskSearchView.swift */,
				BA840053200CF33300986FF6 /* AskSearchView.xib */,
			);
			path = SearchView;
			sourceTree = "<group>";
		};
		BA863BB0200D1BF00007BD81 /* TitleHeaderView */ = {
			isa = PBXGroup;
			children = (
				BA863BB3200D1C2C0007BD81 /* TitleHeaderView.swift */,
				BA863BB1200D1C1F0007BD81 /* TitleHeaderView.xib */,
			);
			path = TitleHeaderView;
			sourceTree = "<group>";
		};
		BA863BB5200DD7080007BD81 /* TrackScene */ = {
			isa = PBXGroup;
			children = (
				BA986F8A20144FEF003C3D1B /* DataSource */,
				BA986F8720144F4A003C3D1B /* ViewModel */,
				BA84004E200CC06200986FF6 /* TrackAskViewController.swift */,
				BA986F8320144ED9003C3D1B /* TrackTableViewCell.swift */,
				BA986F8420144ED9003C3D1B /* TrackTableViewCell.xib */,
			);
			path = TrackScene;
			sourceTree = "<group>";
		};
		BA863BB6200DD81D0007BD81 /* AlertScene */ = {
			isa = PBXGroup;
			children = (
				BA986F9020145884003C3D1B /* AlertViewModel */,
				BA986F8F2014586E003C3D1B /* AlertDataSource */,
				BA863BB7200DD82F0007BD81 /* AlertViewController.swift */,
				BA986F91201458A3003C3D1B /* AlertTableViewCell.swift */,
				BA986F92201458A3003C3D1B /* AlertTableViewCell.xib */,
			);
			path = AlertScene;
			sourceTree = "<group>";
		};
		BA863BB9200DDA050007BD81 /* TableHeaderView */ = {
			isa = PBXGroup;
			children = (
				BA863BBA200DDA200007BD81 /* TitleWithBack */,
				BA863BB0200D1BF00007BD81 /* TitleHeaderView */,
			);
			path = TableHeaderView;
			sourceTree = "<group>";
		};
		BA863BBA200DDA200007BD81 /* TitleWithBack */ = {
			isa = PBXGroup;
			children = (
				BA863BBB200DDA690007BD81 /* TitleWithBackView.swift */,
				BA863BBD200DDA740007BD81 /* TitleWithBackView.xib */,
			);
			path = TitleWithBack;
			sourceTree = "<group>";
		};
		BA863BBF200E0A120007BD81 /* ViewModel */ = {
			isa = PBXGroup;
			children = (
				BA863BC0200E0A530007BD81 /* AskViewModel.swift */,
			);
			path = ViewModel;
			sourceTree = "<group>";
		};
		BA8AEC4A2010D405007ACC46 /* Architect */ = {
			isa = PBXGroup;
			children = (
				BA8AEC5B20119A2A007ACC46 /* CouchbaseManager */,
				BA8AEC5620119839007ACC46 /* RequestManager */,
				BA8AEC532010D62E007ACC46 /* RegistrationService */,
				BA8AEC4E2010D536007ACC46 /* Activity */,
				BA8AEC4D2010D525007ACC46 /* PathConfigurer */,
			);
			path = Architect;
			sourceTree = "<group>";
		};
		BA8AEC4D2010D525007ACC46 /* PathConfigurer */ = {
			isa = PBXGroup;
			children = (
				BA8AEC4B2010D43E007ACC46 /* ResponsePathConfigurerManager.swift */,
			);
			path = PathConfigurer;
			sourceTree = "<group>";
		};
		BA8AEC4E2010D536007ACC46 /* Activity */ = {
			isa = PBXGroup;
			children = (
				BA8AEC4F2010D574007ACC46 /* IResponseListener.swift */,
				BA8AEC512010D5CA007ACC46 /* TrackActivity.swift */,
			);
			path = Activity;
			sourceTree = "<group>";
		};
		BA8AEC532010D62E007ACC46 /* RegistrationService */ = {
			isa = PBXGroup;
			children = (
				BA8AEC542010D65B007ACC46 /* ResponseListenerRegistrationService.swift */,
				BA8AEC602011C71D007ACC46 /* IResultReceiver.swift */,
				BA8AEC622011C759007ACC46 /* Response.swift */,
			);
			path = RegistrationService;
			sourceTree = "<group>";
		};
		BA8AEC5620119839007ACC46 /* RequestManager */ = {
			isa = PBXGroup;
			children = (
				BA8AEC5720119858007ACC46 /* IRequestManager.swift */,
				BA8AEC592011994D007ACC46 /* RequestManagerFactory.swift */,
				BA8AEC662011F78C007ACC46 /* HTTPRequestManager.swift */,
				BA8AEC682011F7A0007ACC46 /* CouchBaseRequestManager.swift */,
			);
			path = RequestManager;
			sourceTree = "<group>";
		};
		BA8AEC5B20119A2A007ACC46 /* CouchbaseManager */ = {
			isa = PBXGroup;
			children = (
				BA8AEC5C20119A5C007ACC46 /* IDataBaseResponseListner.swift */,
				BA8AEC5E20119ADA007ACC46 /* CouchDatabaseManager.swift */,
				BAB691E0201607E90061B3D2 /* CouchDatabaseManagers */,
			);
			path = CouchbaseManager;
			sourceTree = "<group>";
		};
		BA90035A2005F4CE00E3A035 /* UI */ = {
			isa = PBXGroup;
			children = (
				BA9003812008BF1300E3A035 /* Animation */,
				BA90035B2005F4EA00E3A035 /* Ui.swift */,
				BA90035D2005F52900E3A035 /* TextDialog.swift */,
			);
			path = UI;
			sourceTree = "<group>";
		};
		BA90035F20073BD700E3A035 /* ListDataScene */ = {
			isa = PBXGroup;
			children = (
				BA9003602007415200E3A035 /* DataListViewController.swift */,
				BA9003622007420D00E3A035 /* ListTableViewCell.swift */,
				BA9003632007420D00E3A035 /* ListTableViewCell.xib */,
			);
			path = ListDataScene;
			sourceTree = "<group>";
		};
		BA9003662007431300E3A035 /* GenericView */ = {
			isa = PBXGroup;
			children = (
				BA9003672007433700E3A035 /* GenericCollectionViewProtocol.swift */,
				BA900369200743A500E3A035 /* DataProvider */,
				BA90036E2007442F00E3A035 /* GenericCollectionView */,
				BA90036A200743B700E3A035 /* GenericTableView */,
			);
			path = GenericView;
			sourceTree = "<group>";
		};
		BA900369200743A500E3A035 /* DataProvider */ = {
			isa = PBXGroup;
			children = (
				BA90037C2007456500E3A035 /* ArrayDataProvider.swift */,
				BA90037B2007456500E3A035 /* DictionaryDataProvider.swift */,
				BA5B3884200EE9910088543B /* CoreDataProvider.swift */,
			);
			path = DataProvider;
			sourceTree = "<group>";
		};
		BA90036A200743B700E3A035 /* GenericTableView */ = {
			isa = PBXGroup;
			children = (
				BA90036B200743CD00E3A035 /* DataSource */,
				BA90036D200743ED00E3A035 /* ConcreteDataSource */,
			);
			path = GenericTableView;
			sourceTree = "<group>";
		};
		BA90036B200743CD00E3A035 /* DataSource */ = {
			isa = PBXGroup;
			children = (
				BA900375200744BD00E3A035 /* TableDataSource.swift */,
			);
			path = DataSource;
			sourceTree = "<group>";
		};
		BA90036D200743ED00E3A035 /* ConcreteDataSource */ = {
			isa = PBXGroup;
			children = (
				BA900378200744D900E3A035 /* TableArrayDataSource.swift */,
				BA900377200744D900E3A035 /* TableDictionaryDataSource.swift */,
			);
			path = ConcreteDataSource;
			sourceTree = "<group>";
		};
		BA90036E2007442F00E3A035 /* GenericCollectionView */ = {
			isa = PBXGroup;
			children = (
				BA9003702007445B00E3A035 /* DataSource */,
				BA90036F2007444D00E3A035 /* ConcreteDataSource */,
			);
			path = GenericCollectionView;
			sourceTree = "<group>";
		};
		BA90036F2007444D00E3A035 /* ConcreteDataSource */ = {
			isa = PBXGroup;
			children = (
				BA9003732007449500E3A035 /* CollectionArrayDataSource.swift */,
			);
			path = ConcreteDataSource;
			sourceTree = "<group>";
		};
		BA9003702007445B00E3A035 /* DataSource */ = {
			isa = PBXGroup;
			children = (
				BA9003712007448F00E3A035 /* CollectionDataSource.swift */,
			);
			path = DataSource;
			sourceTree = "<group>";
		};
		BA9003812008BF1300E3A035 /* Animation */ = {
			isa = PBXGroup;
			children = (
				BA9003822008BF2C00E3A035 /* Flashable.swift */,
				BA9003832008BF2C00E3A035 /* Jitterable.swift */,
			);
			path = Animation;
			sourceTree = "<group>";
		};
		BA9003882008C2F800E3A035 /* General */ = {
			isa = PBXGroup;
			children = (
				BAA50300200BBE5100A4AC73 /* Extensions */,
				BA9003662007431300E3A035 /* GenericView */,
				BA90035A2005F4CE00E3A035 /* UI */,
			);
			path = General;
			sourceTree = "<group>";
		};
		BA9003892008C33E00E3A035 /* Utility */ = {
			isa = PBXGroup;
			children = (
				BA9003862008BFCC00E3A035 /* AppStyleGuide.swift */,
				BA84003D200C8BDF00986FF6 /* Utility.swift */,
			);
			path = Utility;
			sourceTree = "<group>";
		};
		BA90038A2008C41800E3A035 /* LoginService */ = {
			isa = PBXGroup;
			children = (
				BAEC201F2004D0B700B79AB1 /* LoginWithReplicationSerices.swift */,
				BA90038B2008C48D00E3A035 /* AuthenticatorProtocol.swift */,
				BA90038D2008CAAC00E3A035 /* LoginService.swift */,
			);
			path = LoginService;
			sourceTree = "<group>";
		};
		BA90038F2008E4E000E3A035 /* CBL */ = {
			isa = PBXGroup;
			children = (
				BA9003992008F25600E3A035 /* CBLData */,
				BA9003982008F24000E3A035 /* CBLTable */,
			);
			path = CBL;
			sourceTree = "<group>";
		};
		BA9003982008F24000E3A035 /* CBLTable */ = {
			isa = PBXGroup;
			children = (
				BA9003922008E69200E3A035 /* CBLTableViewController.swift */,
				BA9003942008EB0100E3A035 /* CBLTableViewCell.swift */,
				BA9003952008EB0100E3A035 /* CBLTableViewCell.xib */,
			);
			path = CBLTable;
			sourceTree = "<group>";
		};
		BA9003992008F25600E3A035 /* CBLData */ = {
			isa = PBXGroup;
			children = (
				BA90039A2008F31100E3A035 /* CBLDataHelper.swift */,
				BA5B3882200EDF470088543B /* CBLFetchResultController.swift */,
			);
			path = CBLData;
			sourceTree = "<group>";
		};
		BA93D8E3200C7F4600002D6A /* JSON Mapper */ = {
			isa = PBXGroup;
			children = (
				BA84003A200C8B8800986FF6 /* Transformers */,
				BA93D8E4200C7FF500002D6A /* userQuery.swift */,
				BA840038200C87A800986FF6 /* QIResponse.swift */,
			);
			path = "JSON Mapper";
			sourceTree = "<group>";
		};
		BA986F8720144F4A003C3D1B /* ViewModel */ = {
			isa = PBXGroup;
			children = (
				BA986F8820144F6E003C3D1B /* TrackViewModel.swift */,
			);
			path = ViewModel;
			sourceTree = "<group>";
		};
		BA986F8A20144FEF003C3D1B /* DataSource */ = {
			isa = PBXGroup;
			children = (
				BA986F8B2014500E003C3D1B /* TrackDataSource.swift */,
			);
			path = DataSource;
			sourceTree = "<group>";
		};
		BA986F8F2014586E003C3D1B /* AlertDataSource */ = {
			isa = PBXGroup;
			children = (
				BA986F8D2014584E003C3D1B /* AlertDataSource.swift */,
			);
			path = AlertDataSource;
			sourceTree = "<group>";
		};
		BA986F9020145884003C3D1B /* AlertViewModel */ = {
			isa = PBXGroup;
			children = (
				BA986F9520145AB0003C3D1B /* AlertViewModel.swift */,
			);
			path = AlertViewModel;
			sourceTree = "<group>";
		};
		BAA50300200BBE5100A4AC73 /* Extensions */ = {
			isa = PBXGroup;
			children = (
				BAA5030C200BC18D00A4AC73 /* Kingfisher+extension.swift */,
				BAA5030B200BC18D00A4AC73 /* NSAttributedString+Default.swift */,
				BAA5030D200BC18D00A4AC73 /* UIImage+Creation.swift */,
				BAA50309200BBFDD00A4AC73 /* PaddedLabel.swift */,
				BAA50307200BBF7800A4AC73 /* Double+Kformatted.swift */,
				BAA50303200BBF1D00A4AC73 /* UIColor+Convenience.swift */,
				BAA50301200BBF1D00A4AC73 /* UILabel+dimension.swift */,
				BAA50302200BBF1D00A4AC73 /* UIView+Border.swift */,
				BA5B388A200F6A660088543B /* UIView+Shadow.swift */,
			);
			path = Extensions;
			sourceTree = "<group>";
		};
		BAB691E0201607E90061B3D2 /* CouchDatabaseManagers */ = {
			isa = PBXGroup;
			children = (
				BAB691DD201606FB0061B3D2 /* CouchbaseManagerFactory.swift */,
				BAB691E12016081E0061B3D2 /* AskDataBaseManager.swift */,
				BAB691E3201608290061B3D2 /* TrackDataBaseManager.swift */,
				BAB691E5201608360061B3D2 /* AlertDataBaseManager.swift */,
			);
			path = CouchDatabaseManagers;
			sourceTree = "<group>";
		};
		BAB691E7201626DA0061B3D2 /* TestAsk */ = {
			isa = PBXGroup;
			children = (
				BAB691E8201626EC0061B3D2 /* AskModel.swift */,
			);
			path = TestAsk;
			sourceTree = "<group>";
		};
		BAB691EA20185AE90061B3D2 /* AskCellView */ = {
			isa = PBXGroup;
			children = (
				BA840047200CA0B100986FF6 /* AskTableViewCell.swift */,
				BA840048200CA0B100986FF6 /* AskTableViewCell.xib */,
				BAB691EB20185B1F0061B3D2 /* AskIntentView.swift */,
				BAB691ED20185B810061B3D2 /* AskIntentView.xib */,
			);
			path = AskCellView;
			sourceTree = "<group>";
		};
		BACBB9E4200E7B4600A44ED3 /* AskCBLDataListner */ = {
			isa = PBXGroup;
			children = (
				BACBB9E5200E7DB000A44ED3 /* AskCBLChangeListner.swift */,
			);
			path = AskCBLDataListner;
			sourceTree = "<group>";
		};
		BAEC1FE42004A52000B79AB1 = {
			isa = PBXGroup;
			children = (
				BAEC1FEF2004A52000B79AB1 /* CouchbaseProject */,
				BAEC20042004A52000B79AB1 /* CouchbaseProjectTests */,
				BAEC200F2004A52000B79AB1 /* CouchbaseProjectUITests */,
				BAEC1FEE2004A52000B79AB1 /* Products */,
				CD380CEB117A5A4E985C69D5 /* Pods */,
				654E66450A7F6B0E1E23BFDC /* Frameworks */,
			);
			sourceTree = "<group>";
		};
		BAEC1FEE2004A52000B79AB1 /* Products */ = {
			isa = PBXGroup;
			children = (
				BAEC1FED2004A52000B79AB1 /* CouchbaseProject.app */,
				BAEC20012004A52000B79AB1 /* CouchbaseProjectTests.xctest */,
				BAEC200C2004A52000B79AB1 /* CouchbaseProjectUITests.xctest */,
			);
			name = Products;
			sourceTree = "<group>";
		};
		BAEC1FEF2004A52000B79AB1 /* CouchbaseProject */ = {
			isa = PBXGroup;
			children = (
				BAB691E7201626DA0061B3D2 /* TestAsk */,
				BA8AEC4A2010D405007ACC46 /* Architect */,
				BA93D8E3200C7F4600002D6A /* JSON Mapper */,
				BA9003892008C33E00E3A035 /* Utility */,
				BA9003882008C2F800E3A035 /* General */,
				BA90038F2008E4E000E3A035 /* CBL */,
				BAEC20222004EF3D00B79AB1 /* Scene */,
				BAEC201E2004D09800B79AB1 /* Services */,
				BAEC1FF02004A52000B79AB1 /* AppDelegate.swift */,
				BA5B3888200F08150088543B /* Constants.swift */,
				BAEC1FF42004A52000B79AB1 /* Main.storyboard */,
				BAEC1FF72004A52000B79AB1 /* Assets.xcassets */,
				BAEC1FF92004A52000B79AB1 /* LaunchScreen.storyboard */,
				BAEC1FFC2004A52000B79AB1 /* Info.plist */,
				BAEC20212004D2CF00B79AB1 /* CouchBase-Bridging-Header.h */,
			);
			path = CouchbaseProject;
			sourceTree = "<group>";
		};
		BAEC20042004A52000B79AB1 /* CouchbaseProjectTests */ = {
			isa = PBXGroup;
			children = (
				BAEC20052004A52000B79AB1 /* CouchbaseProjectTests.swift */,
				BAEC20072004A52000B79AB1 /* Info.plist */,
			);
			path = CouchbaseProjectTests;
			sourceTree = "<group>";
		};
		BAEC200F2004A52000B79AB1 /* CouchbaseProjectUITests */ = {
			isa = PBXGroup;
			children = (
				BAEC20102004A52000B79AB1 /* CouchbaseProjectUITests.swift */,
				BAEC20122004A52000B79AB1 /* Info.plist */,
			);
			path = CouchbaseProjectUITests;
			sourceTree = "<group>";
		};
		BAEC201E2004D09800B79AB1 /* Services */ = {
			isa = PBXGroup;
			children = (
				BA90038A2008C41800E3A035 /* LoginService */,
			);
			path = Services;
			sourceTree = "<group>";
		};
		BAEC20222004EF3D00B79AB1 /* Scene */ = {
			isa = PBXGroup;
			children = (
				BA863BB9200DDA050007BD81 /* TableHeaderView */,
				BA863BB6200DD81D0007BD81 /* AlertScene */,
				BA863BB5200DD7080007BD81 /* TrackScene */,
				BA84003F200C9F5C00986FF6 /* AskScene */,
				BA90035F20073BD700E3A035 /* ListDataScene */,
				BAEC20232004EF4E00B79AB1 /* LoginScene */,
			);
			path = Scene;
			sourceTree = "<group>";
		};
		BAEC20232004EF4E00B79AB1 /* LoginScene */ = {
			isa = PBXGroup;
			children = (
				BAEC20242004EF7C00B79AB1 /* LoginViewController.swift */,
			);
			path = LoginScene;
			sourceTree = "<group>";
		};
		CD380CEB117A5A4E985C69D5 /* Pods */ = {
			isa = PBXGroup;
			children = (
				EB0631E39CCC8C46DD30882D /* Pods-CouchbaseProject.debug.xcconfig */,
				E88418312391CDD6CC4D036F /* Pods-CouchbaseProject.release.xcconfig */,
				45F98B471B180B602EBE0DC7 /* Pods-CouchbaseProjectTests.debug.xcconfig */,
				904000B52BA4720AAAE88741 /* Pods-CouchbaseProjectTests.release.xcconfig */,
				3507C8CD23A8E5D8D062E4E0 /* Pods-CouchbaseProjectUITests.debug.xcconfig */,
				1D4E0ED356AD4D3431E19206 /* Pods-CouchbaseProjectUITests.release.xcconfig */,
			);
			name = Pods;
			sourceTree = "<group>";
		};
/* End PBXGroup section */

/* Begin PBXNativeTarget section */
		BAEC1FEC2004A52000B79AB1 /* CouchbaseProject */ = {
			isa = PBXNativeTarget;
			buildConfigurationList = BAEC20152004A52000B79AB1 /* Build configuration list for PBXNativeTarget "CouchbaseProject" */;
			buildPhases = (
				16F837731E9479C538AB0EA6 /* [CP] Check Pods Manifest.lock */,
				BAEC1FE92004A52000B79AB1 /* Sources */,
				BAEC1FEA2004A52000B79AB1 /* Frameworks */,
				BAEC1FEB2004A52000B79AB1 /* Resources */,
				08433C718A27C27170995F4B /* [CP] Embed Pods Frameworks */,
				26B35A9D8C83F72EAA240D42 /* [CP] Copy Pods Resources */,
			);
			buildRules = (
			);
			dependencies = (
			);
			name = CouchbaseProject;
			productName = CouchbaseProject;
			productReference = BAEC1FED2004A52000B79AB1 /* CouchbaseProject.app */;
			productType = "com.apple.product-type.application";
		};
		BAEC20002004A52000B79AB1 /* CouchbaseProjectTests */ = {
			isa = PBXNativeTarget;
			buildConfigurationList = BAEC20182004A52000B79AB1 /* Build configuration list for PBXNativeTarget "CouchbaseProjectTests" */;
			buildPhases = (
				3A115615FC495D176B6D2DC4 /* [CP] Check Pods Manifest.lock */,
				BAEC1FFD2004A52000B79AB1 /* Sources */,
				BAEC1FFE2004A52000B79AB1 /* Frameworks */,
				BAEC1FFF2004A52000B79AB1 /* Resources */,
				8C607666F26EE866A85CBC01 /* [CP] Embed Pods Frameworks */,
				A4E7DF7B3A6533227F0F9FC9 /* [CP] Copy Pods Resources */,
			);
			buildRules = (
			);
			dependencies = (
				BAEC20032004A52000B79AB1 /* PBXTargetDependency */,
			);
			name = CouchbaseProjectTests;
			productName = CouchbaseProjectTests;
			productReference = BAEC20012004A52000B79AB1 /* CouchbaseProjectTests.xctest */;
			productType = "com.apple.product-type.bundle.unit-test";
		};
		BAEC200B2004A52000B79AB1 /* CouchbaseProjectUITests */ = {
			isa = PBXNativeTarget;
			buildConfigurationList = BAEC201B2004A52000B79AB1 /* Build configuration list for PBXNativeTarget "CouchbaseProjectUITests" */;
			buildPhases = (
				7818820FF9F70BE2B8A58EE2 /* [CP] Check Pods Manifest.lock */,
				BAEC20082004A52000B79AB1 /* Sources */,
				BAEC20092004A52000B79AB1 /* Frameworks */,
				BAEC200A2004A52000B79AB1 /* Resources */,
				A0758129555A8BF564A7CC75 /* [CP] Embed Pods Frameworks */,
				F03FF59BE18288DC814B68D7 /* [CP] Copy Pods Resources */,
			);
			buildRules = (
			);
			dependencies = (
				BAEC200E2004A52000B79AB1 /* PBXTargetDependency */,
			);
			name = CouchbaseProjectUITests;
			productName = CouchbaseProjectUITests;
			productReference = BAEC200C2004A52000B79AB1 /* CouchbaseProjectUITests.xctest */;
			productType = "com.apple.product-type.bundle.ui-testing";
		};
/* End PBXNativeTarget section */

/* Begin PBXProject section */
		BAEC1FE52004A52000B79AB1 /* Project object */ = {
			isa = PBXProject;
			attributes = {
				LastSwiftUpdateCheck = 0910;
				LastUpgradeCheck = 0910;
				ORGANIZATIONNAME = Sujeet.Kumar;
				TargetAttributes = {
					BAEC1FEC2004A52000B79AB1 = {
						CreatedOnToolsVersion = 9.1;
						ProvisioningStyle = Automatic;
					};
					BAEC20002004A52000B79AB1 = {
						CreatedOnToolsVersion = 9.1;
						ProvisioningStyle = Automatic;
						TestTargetID = BAEC1FEC2004A52000B79AB1;
					};
					BAEC200B2004A52000B79AB1 = {
						CreatedOnToolsVersion = 9.1;
						ProvisioningStyle = Automatic;
						TestTargetID = BAEC1FEC2004A52000B79AB1;
					};
				};
			};
			buildConfigurationList = BAEC1FE82004A52000B79AB1 /* Build configuration list for PBXProject "CouchbaseProject" */;
			compatibilityVersion = "Xcode 8.0";
			developmentRegion = en;
			hasScannedForEncodings = 0;
			knownRegions = (
				en,
				Base,
			);
			mainGroup = BAEC1FE42004A52000B79AB1;
			productRefGroup = BAEC1FEE2004A52000B79AB1 /* Products */;
			projectDirPath = "";
			projectRoot = "";
			targets = (
				BAEC1FEC2004A52000B79AB1 /* CouchbaseProject */,
				BAEC20002004A52000B79AB1 /* CouchbaseProjectTests */,
				BAEC200B2004A52000B79AB1 /* CouchbaseProjectUITests */,
			);
		};
/* End PBXProject section */

/* Begin PBXResourcesBuildPhase section */
		BAEC1FEB2004A52000B79AB1 /* Resources */ = {
			isa = PBXResourcesBuildPhase;
			buildActionMask = 2147483647;
			files = (
				BA84004A200CA0B100986FF6 /* AskTableViewCell.xib in Resources */,
				BAB691EE20185B810061B3D2 /* AskIntentView.xib in Resources */,
				BAEC1FFB2004A52000B79AB1 /* LaunchScreen.storyboard in Resources */,
				BA840054200CF33300986FF6 /* AskSearchView.xib in Resources */,
				BA986F8620144ED9003C3D1B /* TrackTableViewCell.xib in Resources */,
				BA9003652007420D00E3A035 /* ListTableViewCell.xib in Resources */,
				BAEC1FF82004A52000B79AB1 /* Assets.xcassets in Resources */,
				BA840043200C9FA700986FF6 /* AskView.xib in Resources */,
				BA863BBE200DDA740007BD81 /* TitleWithBackView.xib in Resources */,
				BA863BB2200D1C1F0007BD81 /* TitleHeaderView.xib in Resources */,
				BA9003972008EB0100E3A035 /* CBLTableViewCell.xib in Resources */,
				BA986F94201458A3003C3D1B /* AlertTableViewCell.xib in Resources */,
				BAEC1FF62004A52000B79AB1 /* Main.storyboard in Resources */,
			);
			runOnlyForDeploymentPostprocessing = 0;
		};
		BAEC1FFF2004A52000B79AB1 /* Resources */ = {
			isa = PBXResourcesBuildPhase;
			buildActionMask = 2147483647;
			files = (
			);
			runOnlyForDeploymentPostprocessing = 0;
		};
		BAEC200A2004A52000B79AB1 /* Resources */ = {
			isa = PBXResourcesBuildPhase;
			buildActionMask = 2147483647;
			files = (
			);
			runOnlyForDeploymentPostprocessing = 0;
		};
/* End PBXResourcesBuildPhase section */

/* Begin PBXShellScriptBuildPhase section */
		08433C718A27C27170995F4B /* [CP] Embed Pods Frameworks */ = {
			isa = PBXShellScriptBuildPhase;
			buildActionMask = 2147483647;
			files = (
			);
			inputPaths = (
			);
			name = "[CP] Embed Pods Frameworks";
			outputPaths = (
			);
			runOnlyForDeploymentPostprocessing = 0;
			shellPath = /bin/sh;
			shellScript = "\"${SRCROOT}/Pods/Target Support Files/Pods-CouchbaseProject/Pods-CouchbaseProject-frameworks.sh\"\n";
			showEnvVarsInLog = 0;
		};
		16F837731E9479C538AB0EA6 /* [CP] Check Pods Manifest.lock */ = {
			isa = PBXShellScriptBuildPhase;
			buildActionMask = 2147483647;
			files = (
			);
			inputPaths = (
			);
			name = "[CP] Check Pods Manifest.lock";
			outputPaths = (
			);
			runOnlyForDeploymentPostprocessing = 0;
			shellPath = /bin/sh;
			shellScript = "diff \"${PODS_ROOT}/../Podfile.lock\" \"${PODS_ROOT}/Manifest.lock\" > /dev/null\nif [ $? != 0 ] ; then\n    # print error to STDERR\n    echo \"error: The sandbox is not in sync with the Podfile.lock. Run 'pod install' or update your CocoaPods installation.\" >&2\n    exit 1\nfi\n";
			showEnvVarsInLog = 0;
		};
		26B35A9D8C83F72EAA240D42 /* [CP] Copy Pods Resources */ = {
			isa = PBXShellScriptBuildPhase;
			buildActionMask = 2147483647;
			files = (
			);
			inputPaths = (
			);
			name = "[CP] Copy Pods Resources";
			outputPaths = (
			);
			runOnlyForDeploymentPostprocessing = 0;
			shellPath = /bin/sh;
			shellScript = "\"${SRCROOT}/Pods/Target Support Files/Pods-CouchbaseProject/Pods-CouchbaseProject-resources.sh\"\n";
			showEnvVarsInLog = 0;
		};
		3A115615FC495D176B6D2DC4 /* [CP] Check Pods Manifest.lock */ = {
			isa = PBXShellScriptBuildPhase;
			buildActionMask = 2147483647;
			files = (
			);
			inputPaths = (
			);
			name = "[CP] Check Pods Manifest.lock";
			outputPaths = (
			);
			runOnlyForDeploymentPostprocessing = 0;
			shellPath = /bin/sh;
			shellScript = "diff \"${PODS_ROOT}/../Podfile.lock\" \"${PODS_ROOT}/Manifest.lock\" > /dev/null\nif [ $? != 0 ] ; then\n    # print error to STDERR\n    echo \"error: The sandbox is not in sync with the Podfile.lock. Run 'pod install' or update your CocoaPods installation.\" >&2\n    exit 1\nfi\n";
			showEnvVarsInLog = 0;
		};
		7818820FF9F70BE2B8A58EE2 /* [CP] Check Pods Manifest.lock */ = {
			isa = PBXShellScriptBuildPhase;
			buildActionMask = 2147483647;
			files = (
			);
			inputPaths = (
			);
			name = "[CP] Check Pods Manifest.lock";
			outputPaths = (
			);
			runOnlyForDeploymentPostprocessing = 0;
			shellPath = /bin/sh;
			shellScript = "diff \"${PODS_ROOT}/../Podfile.lock\" \"${PODS_ROOT}/Manifest.lock\" > /dev/null\nif [ $? != 0 ] ; then\n    # print error to STDERR\n    echo \"error: The sandbox is not in sync with the Podfile.lock. Run 'pod install' or update your CocoaPods installation.\" >&2\n    exit 1\nfi\n";
			showEnvVarsInLog = 0;
		};
		8C607666F26EE866A85CBC01 /* [CP] Embed Pods Frameworks */ = {
			isa = PBXShellScriptBuildPhase;
			buildActionMask = 2147483647;
			files = (
			);
			inputPaths = (
			);
			name = "[CP] Embed Pods Frameworks";
			outputPaths = (
			);
			runOnlyForDeploymentPostprocessing = 0;
			shellPath = /bin/sh;
			shellScript = "\"${SRCROOT}/Pods/Target Support Files/Pods-CouchbaseProjectTests/Pods-CouchbaseProjectTests-frameworks.sh\"\n";
			showEnvVarsInLog = 0;
		};
		A0758129555A8BF564A7CC75 /* [CP] Embed Pods Frameworks */ = {
			isa = PBXShellScriptBuildPhase;
			buildActionMask = 2147483647;
			files = (
			);
			inputPaths = (
			);
			name = "[CP] Embed Pods Frameworks";
			outputPaths = (
			);
			runOnlyForDeploymentPostprocessing = 0;
			shellPath = /bin/sh;
			shellScript = "\"${SRCROOT}/Pods/Target Support Files/Pods-CouchbaseProjectUITests/Pods-CouchbaseProjectUITests-frameworks.sh\"\n";
			showEnvVarsInLog = 0;
		};
		A4E7DF7B3A6533227F0F9FC9 /* [CP] Copy Pods Resources */ = {
			isa = PBXShellScriptBuildPhase;
			buildActionMask = 2147483647;
			files = (
			);
			inputPaths = (
			);
			name = "[CP] Copy Pods Resources";
			outputPaths = (
			);
			runOnlyForDeploymentPostprocessing = 0;
			shellPath = /bin/sh;
			shellScript = "\"${SRCROOT}/Pods/Target Support Files/Pods-CouchbaseProjectTests/Pods-CouchbaseProjectTests-resources.sh\"\n";
			showEnvVarsInLog = 0;
		};
		F03FF59BE18288DC814B68D7 /* [CP] Copy Pods Resources */ = {
			isa = PBXShellScriptBuildPhase;
			buildActionMask = 2147483647;
			files = (
			);
			inputPaths = (
			);
			name = "[CP] Copy Pods Resources";
			outputPaths = (
			);
			runOnlyForDeploymentPostprocessing = 0;
			shellPath = /bin/sh;
			shellScript = "\"${SRCROOT}/Pods/Target Support Files/Pods-CouchbaseProjectUITests/Pods-CouchbaseProjectUITests-resources.sh\"\n";
			showEnvVarsInLog = 0;
		};
/* End PBXShellScriptBuildPhase section */

/* Begin PBXSourcesBuildPhase section */
		BAEC1FE92004A52000B79AB1 /* Sources */ = {
			isa = PBXSourcesBuildPhase;
			buildActionMask = 2147483647;
			files = (
				BA84003E200C8BDF00986FF6 /* Utility.swift in Sources */,
				BA863BB8200DD82F0007BD81 /* AlertViewController.swift in Sources */,
				BA8AEC522010D5CA007ACC46 /* TrackActivity.swift in Sources */,
				BA9003682007433700E3A035 /* GenericCollectionViewProtocol.swift in Sources */,
				BA8AEC552010D65B007ACC46 /* ResponseListenerRegistrationService.swift in Sources */,
				BAA5030F200BC18D00A4AC73 /* Kingfisher+extension.swift in Sources */,
				BA863BC1200E0A530007BD81 /* AskViewModel.swift in Sources */,
				BA8AEC5A2011994D007ACC46 /* RequestManagerFactory.swift in Sources */,
				BAB691DE201606FB0061B3D2 /* CouchbaseManagerFactory.swift in Sources */,
				BAEC20252004EF7C00B79AB1 /* LoginViewController.swift in Sources */,
				BA8AEC692011F7A0007ACC46 /* CouchBaseRequestManager.swift in Sources */,
				BA9003642007420D00E3A035 /* ListTableViewCell.swift in Sources */,
				BAB691E4201608290061B3D2 /* TrackDataBaseManager.swift in Sources */,
				BA986F9620145AB0003C3D1B /* AlertViewModel.swift in Sources */,
				BA5B3883200EDF470088543B /* CBLFetchResultController.swift in Sources */,
				BA90037D2007456500E3A035 /* DictionaryDataProvider.swift in Sources */,
				BA986F8520144ED9003C3D1B /* TrackTableViewCell.swift in Sources */,
				BA986F8C2014500E003C3D1B /* TrackDataSource.swift in Sources */,
				BAB691E9201626EC0061B3D2 /* AskModel.swift in Sources */,
				BA8AEC4C2010D43E007ACC46 /* ResponsePathConfigurerManager.swift in Sources */,
				BA9003722007448F00E3A035 /* CollectionDataSource.swift in Sources */,
				BA5B388B200F6A660088543B /* UIView+Shadow.swift in Sources */,
				BACBB9E6200E7DB000A44ED3 /* AskCBLChangeListner.swift in Sources */,
				BA8AEC502010D574007ACC46 /* IResponseListener.swift in Sources */,
				BA90037E2007456500E3A035 /* ArrayDataProvider.swift in Sources */,
				BA84004D200CA61300986FF6 /* BaseAskViewController.swift in Sources */,
				BA84003C200C8BAB00986FF6 /* MillisecondsToDateTransform.swift in Sources */,
				BA9003842008BF2D00E3A035 /* Flashable.swift in Sources */,
				BA8AEC612011C71D007ACC46 /* IResultReceiver.swift in Sources */,
				BA840046200CA04C00986FF6 /* AskDataSource.swift in Sources */,
				BAB691E6201608360061B3D2 /* AlertDataBaseManager.swift in Sources */,
				BA8AEC5820119858007ACC46 /* IRequestManager.swift in Sources */,
				BA840039200C87A800986FF6 /* QIResponse.swift in Sources */,
				BA90038E2008CAAC00E3A035 /* LoginService.swift in Sources */,
				BA8AEC672011F78C007ACC46 /* HTTPRequestManager.swift in Sources */,
				BA5B3885200EE9910088543B /* CoreDataProvider.swift in Sources */,
				BA90037A200744D900E3A035 /* TableArrayDataSource.swift in Sources */,
				BA863BBC200DDA690007BD81 /* TitleWithBackView.swift in Sources */,
				BA9003932008E69200E3A035 /* CBLTableViewController.swift in Sources */,
				BA863BB4200D1C2C0007BD81 /* TitleHeaderView.swift in Sources */,
				BA9003852008BF2D00E3A035 /* Jitterable.swift in Sources */,
				BA986F93201458A3003C3D1B /* AlertTableViewCell.swift in Sources */,
				BA90039B2008F31100E3A035 /* CBLDataHelper.swift in Sources */,
				BA5B3889200F08150088543B /* Constants.swift in Sources */,
				BA90035E2005F52900E3A035 /* TextDialog.swift in Sources */,
				BAEC1FF12004A52000B79AB1 /* AppDelegate.swift in Sources */,
				BA8AEC632011C759007ACC46 /* Response.swift in Sources */,
				BAA50308200BBF7800A4AC73 /* Double+Kformatted.swift in Sources */,
				BAA5030E200BC18D00A4AC73 /* NSAttributedString+Default.swift in Sources */,
				BA9003872008BFCC00E3A035 /* AppStyleGuide.swift in Sources */,
				BA900379200744D900E3A035 /* TableDictionaryDataSource.swift in Sources */,
				BA9003962008EB0100E3A035 /* CBLTableViewCell.swift in Sources */,
				BAA5030A200BBFDD00A4AC73 /* PaddedLabel.swift in Sources */,
				BAA50304200BBF1D00A4AC73 /* UILabel+dimension.swift in Sources */,
				BAA50305200BBF1D00A4AC73 /* UIView+Border.swift in Sources */,
				BA986F8920144F6E003C3D1B /* TrackViewModel.swift in Sources */,
				BA84004F200CC06200986FF6 /* TrackAskViewController.swift in Sources */,
				BAA50306200BBF1D00A4AC73 /* UIColor+Convenience.swift in Sources */,
				BA840041200C9F9700986FF6 /* AskView.swift in Sources */,
				BA90038C2008C48D00E3A035 /* AuthenticatorProtocol.swift in Sources */,
				BA900376200744BD00E3A035 /* TableDataSource.swift in Sources */,
				BA9003742007449500E3A035 /* CollectionArrayDataSource.swift in Sources */,
				BAA50310200BC18D00A4AC73 /* UIImage+Creation.swift in Sources */,
				BA9003612007415200E3A035 /* DataListViewController.swift in Sources */,
				BA840052200CF32200986FF6 /* AskSearchView.swift in Sources */,
				BA986F8E2014584E003C3D1B /* AlertDataSource.swift in Sources */,
				BA90035C2005F4EA00E3A035 /* Ui.swift in Sources */,
				BAB691E22016081E0061B3D2 /* AskDataBaseManager.swift in Sources */,
				BAB691EC20185B1F0061B3D2 /* AskIntentView.swift in Sources */,
				BA840049200CA0B100986FF6 /* AskTableViewCell.swift in Sources */,
				BAEC20202004D0B700B79AB1 /* LoginWithReplicationSerices.swift in Sources */,
				BA8AEC5F20119ADA007ACC46 /* CouchDatabaseManager.swift in Sources */,
				BA93D8E5200C7FF500002D6A /* userQuery.swift in Sources */,
				BA8AEC5D20119A5C007ACC46 /* IDataBaseResponseListner.swift in Sources */,
			);
			runOnlyForDeploymentPostprocessing = 0;
		};
		BAEC1FFD2004A52000B79AB1 /* Sources */ = {
			isa = PBXSourcesBuildPhase;
			buildActionMask = 2147483647;
			files = (
				BAEC20062004A52000B79AB1 /* CouchbaseProjectTests.swift in Sources */,
			);
			runOnlyForDeploymentPostprocessing = 0;
		};
		BAEC20082004A52000B79AB1 /* Sources */ = {
			isa = PBXSourcesBuildPhase;
			buildActionMask = 2147483647;
			files = (
				BAEC20112004A52000B79AB1 /* CouchbaseProjectUITests.swift in Sources */,
			);
			runOnlyForDeploymentPostprocessing = 0;
		};
/* End PBXSourcesBuildPhase section */

/* Begin PBXTargetDependency section */
		BAEC20032004A52000B79AB1 /* PBXTargetDependency */ = {
			isa = PBXTargetDependency;
			target = BAEC1FEC2004A52000B79AB1 /* CouchbaseProject */;
			targetProxy = BAEC20022004A52000B79AB1 /* PBXContainerItemProxy */;
		};
		BAEC200E2004A52000B79AB1 /* PBXTargetDependency */ = {
			isa = PBXTargetDependency;
			target = BAEC1FEC2004A52000B79AB1 /* CouchbaseProject */;
			targetProxy = BAEC200D2004A52000B79AB1 /* PBXContainerItemProxy */;
		};
/* End PBXTargetDependency section */

/* Begin PBXVariantGroup section */
		BAEC1FF42004A52000B79AB1 /* Main.storyboard */ = {
			isa = PBXVariantGroup;
			children = (
				BAEC1FF52004A52000B79AB1 /* Base */,
			);
			name = Main.storyboard;
			sourceTree = "<group>";
		};
		BAEC1FF92004A52000B79AB1 /* LaunchScreen.storyboard */ = {
			isa = PBXVariantGroup;
			children = (
				BAEC1FFA2004A52000B79AB1 /* Base */,
			);
			name = LaunchScreen.storyboard;
			sourceTree = "<group>";
		};
/* End PBXVariantGroup section */

/* Begin XCBuildConfiguration section */
		BAEC20132004A52000B79AB1 /* Debug */ = {
			isa = XCBuildConfiguration;
			buildSettings = {
				ALWAYS_SEARCH_USER_PATHS = NO;
				CLANG_ANALYZER_NONNULL = YES;
				CLANG_ANALYZER_NUMBER_OBJECT_CONVERSION = YES_AGGRESSIVE;
				CLANG_CXX_LANGUAGE_STANDARD = "gnu++14";
				CLANG_CXX_LIBRARY = "libc++";
				CLANG_ENABLE_MODULES = YES;
				CLANG_ENABLE_OBJC_ARC = YES;
				CLANG_WARN_BLOCK_CAPTURE_AUTORELEASING = YES;
				CLANG_WARN_BOOL_CONVERSION = YES;
				CLANG_WARN_COMMA = YES;
				CLANG_WARN_CONSTANT_CONVERSION = YES;
				CLANG_WARN_DIRECT_OBJC_ISA_USAGE = YES_ERROR;
				CLANG_WARN_DOCUMENTATION_COMMENTS = YES;
				CLANG_WARN_EMPTY_BODY = YES;
				CLANG_WARN_ENUM_CONVERSION = YES;
				CLANG_WARN_INFINITE_RECURSION = YES;
				CLANG_WARN_INT_CONVERSION = YES;
				CLANG_WARN_NON_LITERAL_NULL_CONVERSION = YES;
				CLANG_WARN_OBJC_LITERAL_CONVERSION = YES;
				CLANG_WARN_OBJC_ROOT_CLASS = YES_ERROR;
				CLANG_WARN_RANGE_LOOP_ANALYSIS = YES;
				CLANG_WARN_STRICT_PROTOTYPES = YES;
				CLANG_WARN_SUSPICIOUS_MOVE = YES;
				CLANG_WARN_UNGUARDED_AVAILABILITY = YES_AGGRESSIVE;
				CLANG_WARN_UNREACHABLE_CODE = YES;
				CLANG_WARN__DUPLICATE_METHOD_MATCH = YES;
				CODE_SIGN_IDENTITY = "iPhone Developer";
				COPY_PHASE_STRIP = NO;
				DEBUG_INFORMATION_FORMAT = dwarf;
				ENABLE_STRICT_OBJC_MSGSEND = YES;
				ENABLE_TESTABILITY = YES;
				GCC_C_LANGUAGE_STANDARD = gnu11;
				GCC_DYNAMIC_NO_PIC = NO;
				GCC_NO_COMMON_BLOCKS = YES;
				GCC_OPTIMIZATION_LEVEL = 0;
				GCC_PREPROCESSOR_DEFINITIONS = (
					"DEBUG=1",
					"$(inherited)",
				);
				GCC_WARN_64_TO_32_BIT_CONVERSION = YES;
				GCC_WARN_ABOUT_RETURN_TYPE = YES_ERROR;
				GCC_WARN_UNDECLARED_SELECTOR = YES;
				GCC_WARN_UNINITIALIZED_AUTOS = YES_AGGRESSIVE;
				GCC_WARN_UNUSED_FUNCTION = YES;
				GCC_WARN_UNUSED_VARIABLE = YES;
				IPHONEOS_DEPLOYMENT_TARGET = 11.1;
				MTL_ENABLE_DEBUG_INFO = YES;
				ONLY_ACTIVE_ARCH = YES;
				SDKROOT = iphoneos;
				SWIFT_ACTIVE_COMPILATION_CONDITIONS = DEBUG;
				SWIFT_OPTIMIZATION_LEVEL = "-Onone";
			};
			name = Debug;
		};
		BAEC20142004A52000B79AB1 /* Release */ = {
			isa = XCBuildConfiguration;
			buildSettings = {
				ALWAYS_SEARCH_USER_PATHS = NO;
				CLANG_ANALYZER_NONNULL = YES;
				CLANG_ANALYZER_NUMBER_OBJECT_CONVERSION = YES_AGGRESSIVE;
				CLANG_CXX_LANGUAGE_STANDARD = "gnu++14";
				CLANG_CXX_LIBRARY = "libc++";
				CLANG_ENABLE_MODULES = YES;
				CLANG_ENABLE_OBJC_ARC = YES;
				CLANG_WARN_BLOCK_CAPTURE_AUTORELEASING = YES;
				CLANG_WARN_BOOL_CONVERSION = YES;
				CLANG_WARN_COMMA = YES;
				CLANG_WARN_CONSTANT_CONVERSION = YES;
				CLANG_WARN_DIRECT_OBJC_ISA_USAGE = YES_ERROR;
				CLANG_WARN_DOCUMENTATION_COMMENTS = YES;
				CLANG_WARN_EMPTY_BODY = YES;
				CLANG_WARN_ENUM_CONVERSION = YES;
				CLANG_WARN_INFINITE_RECURSION = YES;
				CLANG_WARN_INT_CONVERSION = YES;
				CLANG_WARN_NON_LITERAL_NULL_CONVERSION = YES;
				CLANG_WARN_OBJC_LITERAL_CONVERSION = YES;
				CLANG_WARN_OBJC_ROOT_CLASS = YES_ERROR;
				CLANG_WARN_RANGE_LOOP_ANALYSIS = YES;
				CLANG_WARN_STRICT_PROTOTYPES = YES;
				CLANG_WARN_SUSPICIOUS_MOVE = YES;
				CLANG_WARN_UNGUARDED_AVAILABILITY = YES_AGGRESSIVE;
				CLANG_WARN_UNREACHABLE_CODE = YES;
				CLANG_WARN__DUPLICATE_METHOD_MATCH = YES;
				CODE_SIGN_IDENTITY = "iPhone Developer";
				COPY_PHASE_STRIP = NO;
				DEBUG_INFORMATION_FORMAT = "dwarf-with-dsym";
				ENABLE_NS_ASSERTIONS = NO;
				ENABLE_STRICT_OBJC_MSGSEND = YES;
				GCC_C_LANGUAGE_STANDARD = gnu11;
				GCC_NO_COMMON_BLOCKS = YES;
				GCC_WARN_64_TO_32_BIT_CONVERSION = YES;
				GCC_WARN_ABOUT_RETURN_TYPE = YES_ERROR;
				GCC_WARN_UNDECLARED_SELECTOR = YES;
				GCC_WARN_UNINITIALIZED_AUTOS = YES_AGGRESSIVE;
				GCC_WARN_UNUSED_FUNCTION = YES;
				GCC_WARN_UNUSED_VARIABLE = YES;
				IPHONEOS_DEPLOYMENT_TARGET = 11.1;
				MTL_ENABLE_DEBUG_INFO = NO;
				SDKROOT = iphoneos;
				SWIFT_OPTIMIZATION_LEVEL = "-Owholemodule";
				VALIDATE_PRODUCT = YES;
			};
			name = Release;
		};
		BAEC20162004A52000B79AB1 /* Debug */ = {
			isa = XCBuildConfiguration;
			baseConfigurationReference = EB0631E39CCC8C46DD30882D /* Pods-CouchbaseProject.debug.xcconfig */;
			buildSettings = {
				ASSETCATALOG_COMPILER_APPICON_NAME = AppIcon;
				CODE_SIGN_STYLE = Automatic;
				DEVELOPMENT_TEAM = FX9836WZQL;
				INFOPLIST_FILE = CouchbaseProject/Info.plist;
				LD_RUNPATH_SEARCH_PATHS = "$(inherited) @executable_path/Frameworks";
				PRODUCT_BUNDLE_IDENTIFIER = com.fractal.CouchbaseProject;
				PRODUCT_NAME = "$(TARGET_NAME)";
				SWIFT_OBJC_BRIDGING_HEADER = "CouchbaseProject/CouchBase-Bridging-Header.h";
				SWIFT_VERSION = 4.0;
				TARGETED_DEVICE_FAMILY = "1,2";
			};
			name = Debug;
		};
		BAEC20172004A52000B79AB1 /* Release */ = {
			isa = XCBuildConfiguration;
			baseConfigurationReference = E88418312391CDD6CC4D036F /* Pods-CouchbaseProject.release.xcconfig */;
			buildSettings = {
				ASSETCATALOG_COMPILER_APPICON_NAME = AppIcon;
				CODE_SIGN_STYLE = Automatic;
				DEVELOPMENT_TEAM = FX9836WZQL;
				INFOPLIST_FILE = CouchbaseProject/Info.plist;
				LD_RUNPATH_SEARCH_PATHS = "$(inherited) @executable_path/Frameworks";
				PRODUCT_BUNDLE_IDENTIFIER = com.fractal.CouchbaseProject;
				PRODUCT_NAME = "$(TARGET_NAME)";
				SWIFT_OBJC_BRIDGING_HEADER = "CouchbaseProject/CouchBase-Bridging-Header.h";
				SWIFT_VERSION = 4.0;
				TARGETED_DEVICE_FAMILY = "1,2";
			};
			name = Release;
		};
		BAEC20192004A52000B79AB1 /* Debug */ = {
			isa = XCBuildConfiguration;
			baseConfigurationReference = 45F98B471B180B602EBE0DC7 /* Pods-CouchbaseProjectTests.debug.xcconfig */;
			buildSettings = {
				ALWAYS_EMBED_SWIFT_STANDARD_LIBRARIES = YES;
				BUNDLE_LOADER = "$(TEST_HOST)";
				CODE_SIGN_STYLE = Automatic;
				DEVELOPMENT_TEAM = FX9836WZQL;
				INFOPLIST_FILE = CouchbaseProjectTests/Info.plist;
				LD_RUNPATH_SEARCH_PATHS = "$(inherited) @executable_path/Frameworks @loader_path/Frameworks";
				PRODUCT_BUNDLE_IDENTIFIER = com.fractal.CouchbaseProjectTests;
				PRODUCT_NAME = "$(TARGET_NAME)";
				SWIFT_VERSION = 4.0;
				TARGETED_DEVICE_FAMILY = "1,2";
				TEST_HOST = "$(BUILT_PRODUCTS_DIR)/CouchbaseProject.app/CouchbaseProject";
			};
			name = Debug;
		};
		BAEC201A2004A52000B79AB1 /* Release */ = {
			isa = XCBuildConfiguration;
			baseConfigurationReference = 904000B52BA4720AAAE88741 /* Pods-CouchbaseProjectTests.release.xcconfig */;
			buildSettings = {
				ALWAYS_EMBED_SWIFT_STANDARD_LIBRARIES = YES;
				BUNDLE_LOADER = "$(TEST_HOST)";
				CODE_SIGN_STYLE = Automatic;
				DEVELOPMENT_TEAM = FX9836WZQL;
				INFOPLIST_FILE = CouchbaseProjectTests/Info.plist;
				LD_RUNPATH_SEARCH_PATHS = "$(inherited) @executable_path/Frameworks @loader_path/Frameworks";
				PRODUCT_BUNDLE_IDENTIFIER = com.fractal.CouchbaseProjectTests;
				PRODUCT_NAME = "$(TARGET_NAME)";
				SWIFT_VERSION = 4.0;
				TARGETED_DEVICE_FAMILY = "1,2";
				TEST_HOST = "$(BUILT_PRODUCTS_DIR)/CouchbaseProject.app/CouchbaseProject";
			};
			name = Release;
		};
		BAEC201C2004A52000B79AB1 /* Debug */ = {
			isa = XCBuildConfiguration;
			baseConfigurationReference = 3507C8CD23A8E5D8D062E4E0 /* Pods-CouchbaseProjectUITests.debug.xcconfig */;
			buildSettings = {
				ALWAYS_EMBED_SWIFT_STANDARD_LIBRARIES = YES;
				CODE_SIGN_STYLE = Automatic;
				DEVELOPMENT_TEAM = FX9836WZQL;
				INFOPLIST_FILE = CouchbaseProjectUITests/Info.plist;
				LD_RUNPATH_SEARCH_PATHS = "$(inherited) @executable_path/Frameworks @loader_path/Frameworks";
				PRODUCT_BUNDLE_IDENTIFIER = com.fractal.CouchbaseProjectUITests;
				PRODUCT_NAME = "$(TARGET_NAME)";
				SWIFT_VERSION = 4.0;
				TARGETED_DEVICE_FAMILY = "1,2";
				TEST_TARGET_NAME = CouchbaseProject;
			};
			name = Debug;
		};
		BAEC201D2004A52000B79AB1 /* Release */ = {
			isa = XCBuildConfiguration;
			baseConfigurationReference = 1D4E0ED356AD4D3431E19206 /* Pods-CouchbaseProjectUITests.release.xcconfig */;
			buildSettings = {
				ALWAYS_EMBED_SWIFT_STANDARD_LIBRARIES = YES;
				CODE_SIGN_STYLE = Automatic;
				DEVELOPMENT_TEAM = FX9836WZQL;
				INFOPLIST_FILE = CouchbaseProjectUITests/Info.plist;
				LD_RUNPATH_SEARCH_PATHS = "$(inherited) @executable_path/Frameworks @loader_path/Frameworks";
				PRODUCT_BUNDLE_IDENTIFIER = com.fractal.CouchbaseProjectUITests;
				PRODUCT_NAME = "$(TARGET_NAME)";
				SWIFT_VERSION = 4.0;
				TARGETED_DEVICE_FAMILY = "1,2";
				TEST_TARGET_NAME = CouchbaseProject;
			};
			name = Release;
		};
/* End XCBuildConfiguration section */

/* Begin XCConfigurationList section */
		BAEC1FE82004A52000B79AB1 /* Build configuration list for PBXProject "CouchbaseProject" */ = {
			isa = XCConfigurationList;
			buildConfigurations = (
				BAEC20132004A52000B79AB1 /* Debug */,
				BAEC20142004A52000B79AB1 /* Release */,
			);
			defaultConfigurationIsVisible = 0;
			defaultConfigurationName = Release;
		};
		BAEC20152004A52000B79AB1 /* Build configuration list for PBXNativeTarget "CouchbaseProject" */ = {
			isa = XCConfigurationList;
			buildConfigurations = (
				BAEC20162004A52000B79AB1 /* Debug */,
				BAEC20172004A52000B79AB1 /* Release */,
			);
			defaultConfigurationIsVisible = 0;
			defaultConfigurationName = Release;
		};
		BAEC20182004A52000B79AB1 /* Build configuration list for PBXNativeTarget "CouchbaseProjectTests" */ = {
			isa = XCConfigurationList;
			buildConfigurations = (
				BAEC20192004A52000B79AB1 /* Debug */,
				BAEC201A2004A52000B79AB1 /* Release */,
			);
			defaultConfigurationIsVisible = 0;
			defaultConfigurationName = Release;
		};
		BAEC201B2004A52000B79AB1 /* Build configuration list for PBXNativeTarget "CouchbaseProjectUITests" */ = {
			isa = XCConfigurationList;
			buildConfigurations = (
				BAEC201C2004A52000B79AB1 /* Debug */,
				BAEC201D2004A52000B79AB1 /* Release */,
			);
			defaultConfigurationIsVisible = 0;
			defaultConfigurationName = Release;
		};
/* End XCConfigurationList section */
	};
	rootObject = BAEC1FE52004A52000B79AB1 /* Project object */;
}
